// !$*UTF8*$!
{
	archiveVersion = 1;
	classes = {
	};
	objectVersion = 46;
	objects = {

/* Begin PBXBuildFile section */
		625541111E48810A00F60538 /* AppDelegate.swift in Sources */ = {isa = PBXBuildFile; fileRef = 625541101E48810A00F60538 /* AppDelegate.swift */; };
		625541131E48810A00F60538 /* ViewController.swift in Sources */ = {isa = PBXBuildFile; fileRef = 625541121E48810A00F60538 /* ViewController.swift */; };
		625541161E48810A00F60538 /* Main.storyboard in Resources */ = {isa = PBXBuildFile; fileRef = 625541141E48810A00F60538 /* Main.storyboard */; };
		625541181E48810A00F60538 /* Assets.xcassets in Resources */ = {isa = PBXBuildFile; fileRef = 625541171E48810A00F60538 /* Assets.xcassets */; };
		6255411B1E48810A00F60538 /* LaunchScreen.storyboard in Resources */ = {isa = PBXBuildFile; fileRef = 625541191E48810A00F60538 /* LaunchScreen.storyboard */; };
		625541261E48810A00F60538 /* segue_playTests.swift in Sources */ = {isa = PBXBuildFile; fileRef = 625541251E48810A00F60538 /* segue_playTests.swift */; };
		625541311E48810A00F60538 /* segue_playUITests.swift in Sources */ = {isa = PBXBuildFile; fileRef = 625541301E48810A00F60538 /* segue_playUITests.swift */; };
		625541411E48882600F60538 /* BlueVC.swift in Sources */ = {isa = PBXBuildFile; fileRef = 625541401E48882600F60538 /* BlueVC.swift */; };
/* End PBXBuildFile section */

/* Begin PBXContainerItemProxy section */
		625541221E48810A00F60538 /* PBXContainerItemProxy */ = {
			isa = PBXContainerItemProxy;
			containerPortal = 625541051E48810A00F60538 /* Project object */;
			proxyType = 1;
			remoteGlobalIDString = 6255410C1E48810A00F60538;
			remoteInfo = "segue-play";
		};
		6255412D1E48810A00F60538 /* PBXContainerItemProxy */ = {
			isa = PBXContainerItemProxy;
			containerPortal = 625541051E48810A00F60538 /* Project object */;
			proxyType = 1;
			remoteGlobalIDString = 6255410C1E48810A00F60538;
			remoteInfo = "segue-play";
		};
/* End PBXContainerItemProxy section */

/* Begin PBXFileReference section */
		6255410D1E48810A00F60538 /* segue-play.app */ = {isa = PBXFileReference; explicitFileType = wrapper.application; includeInIndex = 0; path = "segue-play.app"; sourceTree = BUILT_PRODUCTS_DIR; };
		625541101E48810A00F60538 /* AppDelegate.swift */ = {isa = PBXFileReference; lastKnownFileType = sourcecode.swift; path = AppDelegate.swift; sourceTree = "<group>"; };
		625541121E48810A00F60538 /* ViewController.swift */ = {isa = PBXFileReference; lastKnownFileType = sourcecode.swift; path = ViewController.swift; sourceTree = "<group>"; };
		625541151E48810A00F60538 /* Base */ = {isa = PBXFileReference; lastKnownFileType = file.storyboard; name = Base; path = Base.lproj/Main.storyboard; sourceTree = "<group>"; };
		625541171E48810A00F60538 /* Assets.xcassets */ = {isa = PBXFileReference; lastKnownFileType = folder.assetcatalog; path = Assets.xcassets; sourceTree = "<group>"; };
		6255411A1E48810A00F60538 /* Base */ = {isa = PBXFileReference; lastKnownFileType = file.storyboard; name = Base; path = Base.lproj/LaunchScreen.storyboard; sourceTree = "<group>"; };
		6255411C1E48810A00F60538 /* Info.plist */ = {isa = PBXFileReference; lastKnownFileType = text.plist.xml; path = Info.plist; sourceTree = "<group>"; };
		625541211E48810A00F60538 /* segue-playTests.xctest */ = {isa = PBXFileReference; explicitFileType = wrapper.cfbundle; includeInIndex = 0; path = "segue-playTests.xctest"; sourceTree = BUILT_PRODUCTS_DIR; };
		625541251E48810A00F60538 /* segue_playTests.swift */ = {isa = PBXFileReference; lastKnownFileType = sourcecode.swift; path = segue_playTests.swift; sourceTree = "<group>"; };
		625541271E48810A00F60538 /* Info.plist */ = {isa = PBXFileReference; lastKnownFileType = text.plist.xml; path = Info.plist; sourceTree = "<group>"; };
		6255412C1E48810A00F60538 /* segue-playUITests.xctest */ = {isa = PBXFileReference; explicitFileType = wrapper.cfbundle; includeInIndex = 0; path = "segue-playUITests.xctest"; sourceTree = BUILT_PRODUCTS_DIR; };
		625541301E48810A00F60538 /* segue_playUITests.swift */ = {isa = PBXFileReference; lastKnownFileType = sourcecode.swift; path = segue_playUITests.swift; sourceTree = "<group>"; };
		625541321E48810A00F60538 /* Info.plist */ = {isa = PBXFileReference; lastKnownFileType = text.plist.xml; path = Info.plist; sourceTree = "<group>"; };
		625541401E48882600F60538 /* BlueVC.swift */ = {isa = PBXFileReference; fileEncoding = 4; lastKnownFileType = sourcecode.swift; path = BlueVC.swift; sourceTree = "<group>"; };
/* End PBXFileReference section */

/* Begin PBXFrameworksBuildPhase section */
		6255410A1E48810A00F60538 /* Frameworks */ = {
			isa = PBXFrameworksBuildPhase;
			buildActionMask = 2147483647;
			files = (
			);
			runOnlyForDeploymentPostprocessing = 0;
		};
		6255411E1E48810A00F60538 /* Frameworks */ = {
			isa = PBXFrameworksBuildPhase;
			buildActionMask = 2147483647;
			files = (
			);
			runOnlyForDeploymentPostprocessing = 0;
		};
		625541291E48810A00F60538 /* Frameworks */ = {
			isa = PBXFrameworksBuildPhase;
			buildActionMask = 2147483647;
			files = (
			);
			runOnlyForDeploymentPostprocessing = 0;
		};
/* End PBXFrameworksBuildPhase section */

/* Begin PBXGroup section */
		625541041E48810A00F60538 = {
			isa = PBXGroup;
			children = (
				6255410F1E48810A00F60538 /* segue-play */,
				625541241E48810A00F60538 /* segue-playTests */,
				6255412F1E48810A00F60538 /* segue-playUITests */,
				6255410E1E48810A00F60538 /* Products */,
			);
			sourceTree = "<group>";
		};
		6255410E1E48810A00F60538 /* Products */ = {
			isa = PBXGroup;
			children = (
				6255410D1E48810A00F60538 /* segue-play.app */,
				625541211E48810A00F60538 /* segue-playTests.xctest */,
				6255412C1E48810A00F60538 /* segue-playUITests.xctest */,
			);
			name = Products;
			sourceTree = "<group>";
		};
		6255410F1E48810A00F60538 /* segue-play */ = {
			isa = PBXGroup;
			children = (
				625541101E48810A00F60538 /* AppDelegate.swift */,
				625541121E48810A00F60538 /* ViewController.swift */,
				625541141E48810A00F60538 /* Main.storyboard */,
				625541171E48810A00F60538 /* Assets.xcassets */,
				625541191E48810A00F60538 /* LaunchScreen.storyboard */,
				6255411C1E48810A00F60538 /* Info.plist */,
				625541401E48882600F60538 /* BlueVC.swift */,
			);
			path = "segue-play";
			sourceTree = "<group>";
		};
		625541241E48810A00F60538 /* segue-playTests */ = {
			isa = PBXGroup;
			children = (
				625541251E48810A00F60538 /* segue_playTests.swift */,
				625541271E48810A00F60538 /* Info.plist */,
			);
			path = "segue-playTests";
			sourceTree = "<group>";
		};
		6255412F1E48810A00F60538 /* segue-playUITests */ = {
			isa = PBXGroup;
			children = (
				625541301E48810A00F60538 /* segue_playUITests.swift */,
				625541321E48810A00F60538 /* Info.plist */,
			);
			path = "segue-playUITests";
			sourceTree = "<group>";
		};
/* End PBXGroup section */

/* Begin PBXNativeTarget section */
		6255410C1E48810A00F60538 /* segue-play */ = {
			isa = PBXNativeTarget;
			buildConfigurationList = 625541351E48810A00F60538 /* Build configuration list for PBXNativeTarget "segue-play" */;
			buildPhases = (
				625541091E48810A00F60538 /* Sources */,
				6255410A1E48810A00F60538 /* Frameworks */,
				6255410B1E48810A00F60538 /* Resources */,
			);
			buildRules = (
			);
			dependencies = (
			);
			name = "segue-play";
			productName = "segue-play";
			productReference = 6255410D1E48810A00F60538 /* segue-play.app */;
			productType = "com.apple.product-type.application";
		};
		625541201E48810A00F60538 /* segue-playTests */ = {
			isa = PBXNativeTarget;
			buildConfigurationList = 625541381E48810A00F60538 /* Build configuration list for PBXNativeTarget "segue-playTests" */;
			buildPhases = (
				6255411D1E48810A00F60538 /* Sources */,
				6255411E1E48810A00F60538 /* Frameworks */,
				6255411F1E48810A00F60538 /* Resources */,
			);
			buildRules = (
			);
			dependencies = (
				625541231E48810A00F60538 /* PBXTargetDependency */,
			);
			name = "segue-playTests";
			productName = "segue-playTests";
			productReference = 625541211E48810A00F60538 /* segue-playTests.xctest */;
			productType = "com.apple.product-type.bundle.unit-test";
		};
		6255412B1E48810A00F60538 /* segue-playUITests */ = {
			isa = PBXNativeTarget;
			buildConfigurationList = 6255413B1E48810A00F60538 /* Build configuration list for PBXNativeTarget "segue-playUITests" */;
			buildPhases = (
				625541281E48810A00F60538 /* Sources */,
				625541291E48810A00F60538 /* Frameworks */,
				6255412A1E48810A00F60538 /* Resources */,
			);
			buildRules = (
			);
			dependencies = (
				6255412E1E48810A00F60538 /* PBXTargetDependency */,
			);
			name = "segue-playUITests";
			productName = "segue-playUITests";
			productReference = 6255412C1E48810A00F60538 /* segue-playUITests.xctest */;
			productType = "com.apple.product-type.bundle.ui-testing";
		};
/* End PBXNativeTarget section */

/* Begin PBXProject section */
		625541051E48810A00F60538 /* Project object */ = {
			isa = PBXProject;
			attributes = {
				LastSwiftUpdateCheck = 0720;
				LastUpgradeCheck = 0720;
				ORGANIZATIONNAME = AV;
				TargetAttributes = {
					6255410C1E48810A00F60538 = {
						CreatedOnToolsVersion = 7.2;
					};
					625541201E48810A00F60538 = {
						CreatedOnToolsVersion = 7.2;
						TestTargetID = 6255410C1E48810A00F60538;
					};
					6255412B1E48810A00F60538 = {
						CreatedOnToolsVersion = 7.2;
						TestTargetID = 6255410C1E48810A00F60538;
					};
				};
			};
			buildConfigurationList = 625541081E48810A00F60538 /* Build configuration list for PBXProject "segue-play" */;
			compatibilityVersion = "Xcode 3.2";
			developmentRegion = English;
			hasScannedForEncodings = 0;
			knownRegions = (
				en,
				Base,
			);
			mainGroup = 625541041E48810A00F60538;
			productRefGroup = 6255410E1E48810A00F60538 /* Products */;
			projectDirPath = "";
			projectRoot = "";
			targets = (
				6255410C1E48810A00F60538 /* segue-play */,
				625541201E48810A00F60538 /* segue-playTests */,
				6255412B1E48810A00F60538 /* segue-playUITests */,
			);
		};
/* End PBXProject section */

/* Begin PBXResourcesBuildPhase section */
		6255410B1E48810A00F60538 /* Resources */ = {
			isa = PBXResourcesBuildPhase;
			buildActionMask = 2147483647;
			files = (
				6255411B1E48810A00F60538 /* LaunchScreen.storyboard in Resources */,
				625541181E48810A00F60538 /* Assets.xcassets in Resources */,
				625541161E48810A00F60538 /* Main.storyboard in Resources */,
			);
			runOnlyForDeploymentPostprocessing = 0;
		};
		6255411F1E48810A00F60538 /* Resources */ = {
			isa = PBXResourcesBuildPhase;
			buildActionMask = 2147483647;
			files = (
			);
			runOnlyForDeploymentPostprocessing = 0;
		};
		6255412A1E48810A00F60538 /* Resources */ = {
			isa = PBXResourcesBuildPhase;
			buildActionMask = 2147483647;
			files = (
			);
			runOnlyForDeploymentPostprocessing = 0;
		};
/* End PBXResourcesBuildPhase section */

/* Begin PBXSourcesBuildPhase section */
		625541091E48810A00F60538 /* Sources */ = {
			isa = PBXSourcesBuildPhase;
			buildActionMask = 2147483647;
			files = (
				625541131E48810A00F60538 /* ViewController.swift in Sources */,
				625541111E48810A00F60538 /* AppDelegate.swift in Sources */,
				625541411E48882600F60538 /* BlueVC.swift in Sources */,
			);
			runOnlyForDeploymentPostprocessing = 0;
		};
		6255411D1E48810A00F60538 /* Sources */ = {
			isa = PBXSourcesBuildPhase;
			buildActionMask = 2147483647;
			files = (
				625541261E48810A00F60538 /* segue_playTests.swift in Sources */,
			);
			runOnlyForDeploymentPostprocessing = 0;
		};
		625541281E48810A00F60538 /* Sources */ = {
			isa = PBXSourcesBuildPhase;
			buildActionMask = 2147483647;
			files = (
				625541311E48810A00F60538 /* segue_playUITests.swift in Sources */,
			);
			runOnlyForDeploymentPostprocessing = 0;
		};
/* End PBXSourcesBuildPhase section */

/* Begin PBXTargetDependency section */
		625541231E48810A00F60538 /* PBXTargetDependency */ = {
			isa = PBXTargetDependency;
			target = 6255410C1E48810A00F60538 /* segue-play */;
			targetProxy = 625541221E48810A00F60538 /* PBXContainerItemProxy */;
		};
		6255412E1E48810A00F60538 /* PBXTargetDependency */ = {
			isa = PBXTargetDependency;
			target = 6255410C1E48810A00F60538 /* segue-play */;
			targetProxy = 6255412D1E48810A00F60538 /* PBXContainerItemProxy */;
		};
/* End PBXTargetDependency section */

/* Begin PBXVariantGroup section */
		625541141E48810A00F60538 /* Main.storyboard */ = {
			isa = PBXVariantGroup;
			children = (
				625541151E48810A00F60538 /* Base */,
			);
			name = Main.storyboard;
			sourceTree = "<group>";
		};
		625541191E48810A00F60538 /* LaunchScreen.storyboard */ = {
			isa = PBXVariantGroup;
			children = (
				6255411A1E48810A00F60538 /* Base */,
			);
			name = LaunchScreen.storyboard;
			sourceTree = "<group>";
		};
/* End PBXVariantGroup section */

/* Begin XCBuildConfiguration section */
		625541331E48810A00F60538 /* Debug */ = {
			isa = XCBuildConfiguration;
			buildSettings = {
				ALWAYS_SEARCH_USER_PATHS = NO;
				CLANG_CXX_LANGUAGE_STANDARD = "gnu++0x";
				CLANG_CXX_LIBRARY = "libc++";
				CLANG_ENABLE_MODULES = YES;
				CLANG_ENABLE_OBJC_ARC = YES;
				CLANG_WARN_BOOL_CONVERSION = YES;
				CLANG_WARN_CONSTANT_CONVERSION = YES;
				CLANG_WARN_DIRECT_OBJC_ISA_USAGE = YES_ERROR;
				CLANG_WARN_EMPTY_BODY = YES;
				CLANG_WARN_ENUM_CONVERSION = YES;
				CLANG_WARN_INT_CONVERSION = YES;
				CLANG_WARN_OBJC_ROOT_CLASS = YES_ERROR;
				CLANG_WARN_UNREACHABLE_CODE = YES;
				CLANG_WARN__DUPLICATE_METHOD_MATCH = YES;
				"CODE_SIGN_IDENTITY[sdk=iphoneos*]" = "iPhone Developer";
				COPY_PHASE_STRIP = NO;
				DEBUG_INFORMATION_FORMAT = dwarf;
				ENABLE_STRICT_OBJC_MSGSEND = YES;
				ENABLE_TESTABILITY = YES;
				GCC_C_LANGUAGE_STANDARD = gnu99;
				GCC_DYNAMIC_NO_PIC = NO;
				GCC_NO_COMMON_BLOCKS = YES;
				GCC_OPTIMIZATION_LEVEL = 0;
				GCC_PREPROCESSOR_DEFINITIONS = (
					"DEBUG=1",
					"$(inherited)",
				);
				GCC_WARN_64_TO_32_BIT_CONVERSION = YES;
				GCC_WARN_ABOUT_RETURN_TYPE = YES_ERROR;
				GCC_WARN_UNDECLARED_SELECTOR = YES;
				GCC_WARN_UNINITIALIZED_AUTOS = YES_AGGRESSIVE;
				GCC_WARN_UNUSED_FUNCTION = YES;
				GCC_WARN_UNUSED_VARIABLE = YES;
				IPHONEOS_DEPLOYMENT_TARGET = 9.2;
				MTL_ENABLE_DEBUG_INFO = YES;
				ONLY_ACTIVE_ARCH = YES;
				SDKROOT = iphoneos;
				SWIFT_OPTIMIZATION_LEVEL = "-Onone";
				TARGETED_DEVICE_FAMILY = "1,2";
			};
			name = Debug;
		};
		625541341E48810A00F60538 /* Release */ = {
			isa = XCBuildConfiguration;
			buildSettings = {
				ALWAYS_SEARCH_USER_PATHS = NO;
				CLANG_CXX_LANGUAGE_STANDARD = "gnu++0x";
				CLANG_CXX_LIBRARY = "libc++";
				CLANG_ENABLE_MODULES = YES;
				CLANG_ENABLE_OBJC_ARC = YES;
				CLANG_WARN_BOOL_CONVERSION = YES;
				CLANG_WARN_CONSTANT_CONVERSION = YES;
				CLANG_WARN_DIRECT_OBJC_ISA_USAGE = YES_ERROR;
				CLANG_WARN_EMPTY_BODY = YES;
				CLANG_WARN_ENUM_CONVERSION = YES;
				CLANG_WARN_INT_CONVERSION = YES;
				CLANG_WARN_OBJC_ROOT_CLASS = YES_ERROR;
				CLANG_WARN_UNREACHABLE_CODE = YES;
				CLANG_WARN__DUPLICATE_METHOD_MATCH = YES;
				"CODE_SIGN_IDENTITY[sdk=iphoneos*]" = "iPhone Developer";
				COPY_PHASE_STRIP = NO;
				DEBUG_INFORMATION_FORMAT = "dwarf-with-dsym";
				ENABLE_NS_ASSERTIONS = NO;
				ENABLE_STRICT_OBJC_MSGSEND = YES;
				GCC_C_LANGUAGE_STANDARD = gnu99;
				GCC_NO_COMMON_BLOCKS = YES;
				GCC_WARN_64_TO_32_BIT_CONVERSION = YES;
				GCC_WARN_ABOUT_RETURN_TYPE = YES_ERROR;
				GCC_WARN_UNDECLARED_SELECTOR = YES;
				GCC_WARN_UNINITIALIZED_AUTOS = YES_AGGRESSIVE;
				GCC_WARN_UNUSED_FUNCTION = YES;
				GCC_WARN_UNUSED_VARIABLE = YES;
				IPHONEOS_DEPLOYMENT_TARGET = 9.2;
				MTL_ENABLE_DEBUG_INFO = NO;
				SDKROOT = iphoneos;
				TARGETED_DEVICE_FAMILY = "1,2";
				VALIDATE_PRODUCT = YES;
			};
			name = Release;
		};
		625541361E48810A00F60538 /* Debug */ = {
			isa = XCBuildConfiguration;
			buildSettings = {
				ASSETCATALOG_COMPILER_APPICON_NAME = AppIcon;
				INFOPLIST_FILE = "segue-play/Info.plist";
				LD_RUNPATH_SEARCH_PATHS = "$(inherited) @executable_path/Frameworks";
				PRODUCT_BUNDLE_IDENTIFIER = "com.ourcompany.segue-play";
				PRODUCT_NAME = "$(TARGET_NAME)";
			};
			name = Debug;
		};
		625541371E48810A00F60538 /* Release */ = {
			isa = XCBuildConfiguration;
			buildSettings = {
				ASSETCATALOG_COMPILER_APPICON_NAME = AppIcon;
				INFOPLIST_FILE = "segue-play/Info.plist";
				LD_RUNPATH_SEARCH_PATHS = "$(inherited) @executable_path/Frameworks";
				PRODUCT_BUNDLE_IDENTIFIER = "com.ourcompany.segue-play";
				PRODUCT_NAME = "$(TARGET_NAME)";
			};
			name = Release;
		};
		625541391E48810A00F60538 /* Debug */ = {
			isa = XCBuildConfiguration;
			buildSettings = {
				BUNDLE_LOADER = "$(TEST_HOST)";
				INFOPLIST_FILE = "segue-playTests/Info.plist";
				LD_RUNPATH_SEARCH_PATHS = "$(inherited) @executable_path/Frameworks @loader_path/Frameworks";
				PRODUCT_BUNDLE_IDENTIFIER = "com.ourcompany.segue-playTests";
				PRODUCT_NAME = "$(TARGET_NAME)";
				TEST_HOST = "$(BUILT_PRODUCTS_DIR)/segue-play.app/segue-play";
			};
			name = Debug;
		};
		6255413A1E48810A00F60538 /* Release */ = {
			isa = XCBuildConfiguration;
			buildSettings = {
				BUNDLE_LOADER = "$(TEST_HOST)";
				INFOPLIST_FILE = "segue-playTests/Info.plist";
				LD_RUNPATH_SEARCH_PATHS = "$(inherited) @executable_path/Frameworks @loader_path/Frameworks";
				PRODUCT_BUNDLE_IDENTIFIER = "com.ourcompany.segue-playTests";
				PRODUCT_NAME = "$(TARGET_NAME)";
				TEST_HOST = "$(BUILT_PRODUCTS_DIR)/segue-play.app/segue-play";
			};
			name = Release;
		};
		6255413C1E48810A00F60538 /* Debug */ = {
			isa = XCBuildConfiguration;
			buildSettings = {
				INFOPLIST_FILE = "segue-playUITests/Info.plist";
				LD_RUNPATH_SEARCH_PATHS = "$(inherited) @executable_path/Frameworks @loader_path/Frameworks";
				PRODUCT_BUNDLE_IDENTIFIER = "com.ourcompany.segue-playUITests";
				PRODUCT_NAME = "$(TARGET_NAME)";
				TEST_TARGET_NAME = "segue-play";
				USES_XCTRUNNER = YES;
			};
			name = Debug;
		};
		6255413D1E48810A00F60538 /* Release */ = {
			isa = XCBuildConfiguration;
			buildSettings = {
				INFOPLIST_FILE = "segue-playUITests/Info.plist";
				LD_RUNPATH_SEARCH_PATHS = "$(inherited) @executable_path/Frameworks @loader_path/Frameworks";
				PRODUCT_BUNDLE_IDENTIFIER = "com.ourcompany.segue-playUITests";
				PRODUCT_NAME = "$(TARGET_NAME)";
				TEST_TARGET_NAME = "segue-play";
				USES_XCTRUNNER = YES;
			};
			name = Release;
		};
/* End XCBuildConfiguration section */

/* Begin XCConfigurationList section */
		625541081E48810A00F60538 /* Build configuration list for PBXProject "segue-play" */ = {
			isa = XCConfigurationList;
			buildConfigurations = (
				625541331E48810A00F60538 /* Debug */,
				625541341E48810A00F60538 /* Release */,
			);
			defaultConfigurationIsVisible = 0;
			defaultConfigurationName = Release;
		};
		625541351E48810A00F60538 /* Build configuration list for PBXNativeTarget "segue-play" */ = {
			isa = XCConfigurationList;
			buildConfigurations = (
				625541361E48810A00F60538 /* Debug */,
				625541371E48810A00F60538 /* Release */,
			);
			defaultConfigurationIsVisible = 0;
		};
		625541381E48810A00F60538 /* Build configuration list for PBXNativeTarget "segue-playTests" */ = {
			isa = XCConfigurationList;
			buildConfigurations = (
				625541391E48810A00F60538 /* Debug */,
				6255413A1E48810A00F60538 /* Release */,
			);
			defaultConfigurationIsVisible = 0;
		};
		6255413B1E48810A00F60538 /* Build configuration list for PBXNativeTarget "segue-playUITests" */ = {
			isa = XCConfigurationList;
			buildConfigurations = (
				6255413C1E48810A00F60538 /* Debug */,
				6255413D1E48810A00F60538 /* Release */,
			);
			defaultConfigurationIsVisible = 0;
		};
/* End XCConfigurationList section */
	};
	rootObject = 625541051E48810A00F60538 /* Project object */;
}
