// !$*UTF8*$!
{
	archiveVersion = 1;
	classes = {
	};
	objectVersion = 46;
	objects = {

/* Begin PBXBuildFile section */
		6251826B1DF70FCB00E244F7 /* AppDelegate.swift in Sources */ = {isa = PBXBuildFile; fileRef = 6251826A1DF70FCB00E244F7 /* AppDelegate.swift */; };
		6251826D1DF70FCB00E244F7 /* ViewController.swift in Sources */ = {isa = PBXBuildFile; fileRef = 6251826C1DF70FCB00E244F7 /* ViewController.swift */; };
		625182701DF70FCB00E244F7 /* Main.storyboard in Resources */ = {isa = PBXBuildFile; fileRef = 6251826E1DF70FCB00E244F7 /* Main.storyboard */; };
		625182721DF70FCB00E244F7 /* Assets.xcassets in Resources */ = {isa = PBXBuildFile; fileRef = 625182711DF70FCB00E244F7 /* Assets.xcassets */; };
		625182751DF70FCB00E244F7 /* LaunchScreen.storyboard in Resources */ = {isa = PBXBuildFile; fileRef = 625182731DF70FCB00E244F7 /* LaunchScreen.storyboard */; };
		625182801DF70FCC00E244F7 /* playGroundTests.swift in Sources */ = {isa = PBXBuildFile; fileRef = 6251827F1DF70FCC00E244F7 /* playGroundTests.swift */; };
		6251828B1DF70FCC00E244F7 /* playGroundUITests.swift in Sources */ = {isa = PBXBuildFile; fileRef = 6251828A1DF70FCC00E244F7 /* playGroundUITests.swift */; };
/* End PBXBuildFile section */

/* Begin PBXContainerItemProxy section */
		6251827C1DF70FCB00E244F7 /* PBXContainerItemProxy */ = {
			isa = PBXContainerItemProxy;
			containerPortal = 6251825F1DF70FCB00E244F7 /* Project object */;
			proxyType = 1;
			remoteGlobalIDString = 625182661DF70FCB00E244F7;
			remoteInfo = playGround;
		};
		625182871DF70FCC00E244F7 /* PBXContainerItemProxy */ = {
			isa = PBXContainerItemProxy;
			containerPortal = 6251825F1DF70FCB00E244F7 /* Project object */;
			proxyType = 1;
			remoteGlobalIDString = 625182661DF70FCB00E244F7;
			remoteInfo = playGround;
		};
/* End PBXContainerItemProxy section */

/* Begin PBXFileReference section */
		625182671DF70FCB00E244F7 /* playGround.app */ = {isa = PBXFileReference; explicitFileType = wrapper.application; includeInIndex = 0; path = playGround.app; sourceTree = BUILT_PRODUCTS_DIR; };
		6251826A1DF70FCB00E244F7 /* AppDelegate.swift */ = {isa = PBXFileReference; lastKnownFileType = sourcecode.swift; path = AppDelegate.swift; sourceTree = "<group>"; };
		6251826C1DF70FCB00E244F7 /* ViewController.swift */ = {isa = PBXFileReference; lastKnownFileType = sourcecode.swift; path = ViewController.swift; sourceTree = "<group>"; };
		6251826F1DF70FCB00E244F7 /* Base */ = {isa = PBXFileReference; lastKnownFileType = file.storyboard; name = Base; path = Base.lproj/Main.storyboard; sourceTree = "<group>"; };
		625182711DF70FCB00E244F7 /* Assets.xcassets */ = {isa = PBXFileReference; lastKnownFileType = folder.assetcatalog; path = Assets.xcassets; sourceTree = "<group>"; };
		625182741DF70FCB00E244F7 /* Base */ = {isa = PBXFileReference; lastKnownFileType = file.storyboard; name = Base; path = Base.lproj/LaunchScreen.storyboard; sourceTree = "<group>"; };
		625182761DF70FCB00E244F7 /* Info.plist */ = {isa = PBXFileReference; lastKnownFileType = text.plist.xml; path = Info.plist; sourceTree = "<group>"; };
		6251827B1DF70FCB00E244F7 /* playGroundTests.xctest */ = {isa = PBXFileReference; explicitFileType = wrapper.cfbundle; includeInIndex = 0; path = playGroundTests.xctest; sourceTree = BUILT_PRODUCTS_DIR; };
		6251827F1DF70FCC00E244F7 /* playGroundTests.swift */ = {isa = PBXFileReference; lastKnownFileType = sourcecode.swift; path = playGroundTests.swift; sourceTree = "<group>"; };
		625182811DF70FCC00E244F7 /* Info.plist */ = {isa = PBXFileReference; lastKnownFileType = text.plist.xml; path = Info.plist; sourceTree = "<group>"; };
		625182861DF70FCC00E244F7 /* playGroundUITests.xctest */ = {isa = PBXFileReference; explicitFileType = wrapper.cfbundle; includeInIndex = 0; path = playGroundUITests.xctest; sourceTree = BUILT_PRODUCTS_DIR; };
		6251828A1DF70FCC00E244F7 /* playGroundUITests.swift */ = {isa = PBXFileReference; lastKnownFileType = sourcecode.swift; path = playGroundUITests.swift; sourceTree = "<group>"; };
		6251828C1DF70FCC00E244F7 /* Info.plist */ = {isa = PBXFileReference; lastKnownFileType = text.plist.xml; path = Info.plist; sourceTree = "<group>"; };
/* End PBXFileReference section */

/* Begin PBXFrameworksBuildPhase section */
		625182641DF70FCB00E244F7 /* Frameworks */ = {
			isa = PBXFrameworksBuildPhase;
			buildActionMask = 2147483647;
			files = (
			);
			runOnlyForDeploymentPostprocessing = 0;
		};
		625182781DF70FCB00E244F7 /* Frameworks */ = {
			isa = PBXFrameworksBuildPhase;
			buildActionMask = 2147483647;
			files = (
			);
			runOnlyForDeploymentPostprocessing = 0;
		};
		625182831DF70FCC00E244F7 /* Frameworks */ = {
			isa = PBXFrameworksBuildPhase;
			buildActionMask = 2147483647;
			files = (
			);
			runOnlyForDeploymentPostprocessing = 0;
		};
/* End PBXFrameworksBuildPhase section */

/* Begin PBXGroup section */
		6251825E1DF70FCB00E244F7 = {
			isa = PBXGroup;
			children = (
				625182691DF70FCB00E244F7 /* playGround */,
				6251827E1DF70FCC00E244F7 /* playGroundTests */,
				625182891DF70FCC00E244F7 /* playGroundUITests */,
				625182681DF70FCB00E244F7 /* Products */,
			);
			sourceTree = "<group>";
		};
		625182681DF70FCB00E244F7 /* Products */ = {
			isa = PBXGroup;
			children = (
				625182671DF70FCB00E244F7 /* playGround.app */,
				6251827B1DF70FCB00E244F7 /* playGroundTests.xctest */,
				625182861DF70FCC00E244F7 /* playGroundUITests.xctest */,
			);
			name = Products;
			sourceTree = "<group>";
		};
		625182691DF70FCB00E244F7 /* playGround */ = {
			isa = PBXGroup;
			children = (
				6251826A1DF70FCB00E244F7 /* AppDelegate.swift */,
				6251826C1DF70FCB00E244F7 /* ViewController.swift */,
				6251826E1DF70FCB00E244F7 /* Main.storyboard */,
				625182711DF70FCB00E244F7 /* Assets.xcassets */,
				625182731DF70FCB00E244F7 /* LaunchScreen.storyboard */,
				625182761DF70FCB00E244F7 /* Info.plist */,
			);
			path = playGround;
			sourceTree = "<group>";
		};
		6251827E1DF70FCC00E244F7 /* playGroundTests */ = {
			isa = PBXGroup;
			children = (
				6251827F1DF70FCC00E244F7 /* playGroundTests.swift */,
				625182811DF70FCC00E244F7 /* Info.plist */,
			);
			path = playGroundTests;
			sourceTree = "<group>";
		};
		625182891DF70FCC00E244F7 /* playGroundUITests */ = {
			isa = PBXGroup;
			children = (
				6251828A1DF70FCC00E244F7 /* playGroundUITests.swift */,
				6251828C1DF70FCC00E244F7 /* Info.plist */,
			);
			path = playGroundUITests;
			sourceTree = "<group>";
		};
/* End PBXGroup section */

/* Begin PBXNativeTarget section */
		625182661DF70FCB00E244F7 /* playGround */ = {
			isa = PBXNativeTarget;
			buildConfigurationList = 6251828F1DF70FCC00E244F7 /* Build configuration list for PBXNativeTarget "playGround" */;
			buildPhases = (
				625182631DF70FCB00E244F7 /* Sources */,
				625182641DF70FCB00E244F7 /* Frameworks */,
				625182651DF70FCB00E244F7 /* Resources */,
			);
			buildRules = (
			);
			dependencies = (
			);
			name = playGround;
			productName = playGround;
			productReference = 625182671DF70FCB00E244F7 /* playGround.app */;
			productType = "com.apple.product-type.application";
		};
		6251827A1DF70FCB00E244F7 /* playGroundTests */ = {
			isa = PBXNativeTarget;
			buildConfigurationList = 625182921DF70FCC00E244F7 /* Build configuration list for PBXNativeTarget "playGroundTests" */;
			buildPhases = (
				625182771DF70FCB00E244F7 /* Sources */,
				625182781DF70FCB00E244F7 /* Frameworks */,
				625182791DF70FCB00E244F7 /* Resources */,
			);
			buildRules = (
			);
			dependencies = (
				6251827D1DF70FCB00E244F7 /* PBXTargetDependency */,
			);
			name = playGroundTests;
			productName = playGroundTests;
			productReference = 6251827B1DF70FCB00E244F7 /* playGroundTests.xctest */;
			productType = "com.apple.product-type.bundle.unit-test";
		};
		625182851DF70FCC00E244F7 /* playGroundUITests */ = {
			isa = PBXNativeTarget;
			buildConfigurationList = 625182951DF70FCC00E244F7 /* Build configuration list for PBXNativeTarget "playGroundUITests" */;
			buildPhases = (
				625182821DF70FCC00E244F7 /* Sources */,
				625182831DF70FCC00E244F7 /* Frameworks */,
				625182841DF70FCC00E244F7 /* Resources */,
			);
			buildRules = (
			);
			dependencies = (
				625182881DF70FCC00E244F7 /* PBXTargetDependency */,
			);
			name = playGroundUITests;
			productName = playGroundUITests;
			productReference = 625182861DF70FCC00E244F7 /* playGroundUITests.xctest */;
			productType = "com.apple.product-type.bundle.ui-testing";
		};
/* End PBXNativeTarget section */

/* Begin PBXProject section */
		6251825F1DF70FCB00E244F7 /* Project object */ = {
			isa = PBXProject;
			attributes = {
				LastSwiftUpdateCheck = 0720;
				LastUpgradeCheck = 0720;
				ORGANIZATIONNAME = AV;
				TargetAttributes = {
					625182661DF70FCB00E244F7 = {
						CreatedOnToolsVersion = 7.2;
					};
					6251827A1DF70FCB00E244F7 = {
						CreatedOnToolsVersion = 7.2;
						TestTargetID = 625182661DF70FCB00E244F7;
					};
					625182851DF70FCC00E244F7 = {
						CreatedOnToolsVersion = 7.2;
						TestTargetID = 625182661DF70FCB00E244F7;
					};
				};
			};
			buildConfigurationList = 625182621DF70FCB00E244F7 /* Build configuration list for PBXProject "playGround" */;
			compatibilityVersion = "Xcode 3.2";
			developmentRegion = English;
			hasScannedForEncodings = 0;
			knownRegions = (
				en,
				Base,
			);
			mainGroup = 6251825E1DF70FCB00E244F7;
			productRefGroup = 625182681DF70FCB00E244F7 /* Products */;
			projectDirPath = "";
			projectRoot = "";
			targets = (
				625182661DF70FCB00E244F7 /* playGround */,
				6251827A1DF70FCB00E244F7 /* playGroundTests */,
				625182851DF70FCC00E244F7 /* playGroundUITests */,
			);
		};
/* End PBXProject section */

/* Begin PBXResourcesBuildPhase section */
		625182651DF70FCB00E244F7 /* Resources */ = {
			isa = PBXResourcesBuildPhase;
			buildActionMask = 2147483647;
			files = (
				625182751DF70FCB00E244F7 /* LaunchScreen.storyboard in Resources */,
				625182721DF70FCB00E244F7 /* Assets.xcassets in Resources */,
				625182701DF70FCB00E244F7 /* Main.storyboard in Resources */,
			);
			runOnlyForDeploymentPostprocessing = 0;
		};
		625182791DF70FCB00E244F7 /* Resources */ = {
			isa = PBXResourcesBuildPhase;
			buildActionMask = 2147483647;
			files = (
			);
			runOnlyForDeploymentPostprocessing = 0;
		};
		625182841DF70FCC00E244F7 /* Resources */ = {
			isa = PBXResourcesBuildPhase;
			buildActionMask = 2147483647;
			files = (
			);
			runOnlyForDeploymentPostprocessing = 0;
		};
/* End PBXResourcesBuildPhase section */

/* Begin PBXSourcesBuildPhase section */
		625182631DF70FCB00E244F7 /* Sources */ = {
			isa = PBXSourcesBuildPhase;
			buildActionMask = 2147483647;
			files = (
				6251826D1DF70FCB00E244F7 /* ViewController.swift in Sources */,
				6251826B1DF70FCB00E244F7 /* AppDelegate.swift in Sources */,
			);
			runOnlyForDeploymentPostprocessing = 0;
		};
		625182771DF70FCB00E244F7 /* Sources */ = {
			isa = PBXSourcesBuildPhase;
			buildActionMask = 2147483647;
			files = (
				625182801DF70FCC00E244F7 /* playGroundTests.swift in Sources */,
			);
			runOnlyForDeploymentPostprocessing = 0;
		};
		625182821DF70FCC00E244F7 /* Sources */ = {
			isa = PBXSourcesBuildPhase;
			buildActionMask = 2147483647;
			files = (
				6251828B1DF70FCC00E244F7 /* playGroundUITests.swift in Sources */,
			);
			runOnlyForDeploymentPostprocessing = 0;
		};
/* End PBXSourcesBuildPhase section */

/* Begin PBXTargetDependency section */
		6251827D1DF70FCB00E244F7 /* PBXTargetDependency */ = {
			isa = PBXTargetDependency;
			target = 625182661DF70FCB00E244F7 /* playGround */;
			targetProxy = 6251827C1DF70FCB00E244F7 /* PBXContainerItemProxy */;
		};
		625182881DF70FCC00E244F7 /* PBXTargetDependency */ = {
			isa = PBXTargetDependency;
			target = 625182661DF70FCB00E244F7 /* playGround */;
			targetProxy = 625182871DF70FCC00E244F7 /* PBXContainerItemProxy */;
		};
/* End PBXTargetDependency section */

/* Begin PBXVariantGroup section */
		6251826E1DF70FCB00E244F7 /* Main.storyboard */ = {
			isa = PBXVariantGroup;
			children = (
				6251826F1DF70FCB00E244F7 /* Base */,
			);
			name = Main.storyboard;
			sourceTree = "<group>";
		};
		625182731DF70FCB00E244F7 /* LaunchScreen.storyboard */ = {
			isa = PBXVariantGroup;
			children = (
				625182741DF70FCB00E244F7 /* Base */,
			);
			name = LaunchScreen.storyboard;
			sourceTree = "<group>";
		};
/* End PBXVariantGroup section */

/* Begin XCBuildConfiguration section */
		6251828D1DF70FCC00E244F7 /* Debug */ = {
			isa = XCBuildConfiguration;
			buildSettings = {
				ALWAYS_SEARCH_USER_PATHS = NO;
				CLANG_CXX_LANGUAGE_STANDARD = "gnu++0x";
				CLANG_CXX_LIBRARY = "libc++";
				CLANG_ENABLE_MODULES = YES;
				CLANG_ENABLE_OBJC_ARC = YES;
				CLANG_WARN_BOOL_CONVERSION = YES;
				CLANG_WARN_CONSTANT_CONVERSION = YES;
				CLANG_WARN_DIRECT_OBJC_ISA_USAGE = YES_ERROR;
				CLANG_WARN_EMPTY_BODY = YES;
				CLANG_WARN_ENUM_CONVERSION = YES;
				CLANG_WARN_INT_CONVERSION = YES;
				CLANG_WARN_OBJC_ROOT_CLASS = YES_ERROR;
				CLANG_WARN_UNREACHABLE_CODE = YES;
				CLANG_WARN__DUPLICATE_METHOD_MATCH = YES;
				"CODE_SIGN_IDENTITY[sdk=iphoneos*]" = "iPhone Developer";
				COPY_PHASE_STRIP = NO;
				DEBUG_INFORMATION_FORMAT = dwarf;
				ENABLE_STRICT_OBJC_MSGSEND = YES;
				ENABLE_TESTABILITY = YES;
				GCC_C_LANGUAGE_STANDARD = gnu99;
				GCC_DYNAMIC_NO_PIC = NO;
				GCC_NO_COMMON_BLOCKS = YES;
				GCC_OPTIMIZATION_LEVEL = 0;
				GCC_PREPROCESSOR_DEFINITIONS = (
					"DEBUG=1",
					"$(inherited)",
				);
				GCC_WARN_64_TO_32_BIT_CONVERSION = YES;
				GCC_WARN_ABOUT_RETURN_TYPE = YES_ERROR;
				GCC_WARN_UNDECLARED_SELECTOR = YES;
				GCC_WARN_UNINITIALIZED_AUTOS = YES_AGGRESSIVE;
				GCC_WARN_UNUSED_FUNCTION = YES;
				GCC_WARN_UNUSED_VARIABLE = YES;
				IPHONEOS_DEPLOYMENT_TARGET = 9.2;
				MTL_ENABLE_DEBUG_INFO = YES;
				ONLY_ACTIVE_ARCH = YES;
				SDKROOT = iphoneos;
				SWIFT_OPTIMIZATION_LEVEL = "-Onone";
				TARGETED_DEVICE_FAMILY = "1,2";
			};
			name = Debug;
		};
		6251828E1DF70FCC00E244F7 /* Release */ = {
			isa = XCBuildConfiguration;
			buildSettings = {
				ALWAYS_SEARCH_USER_PATHS = NO;
				CLANG_CXX_LANGUAGE_STANDARD = "gnu++0x";
				CLANG_CXX_LIBRARY = "libc++";
				CLANG_ENABLE_MODULES = YES;
				CLANG_ENABLE_OBJC_ARC = YES;
				CLANG_WARN_BOOL_CONVERSION = YES;
				CLANG_WARN_CONSTANT_CONVERSION = YES;
				CLANG_WARN_DIRECT_OBJC_ISA_USAGE = YES_ERROR;
				CLANG_WARN_EMPTY_BODY = YES;
				CLANG_WARN_ENUM_CONVERSION = YES;
				CLANG_WARN_INT_CONVERSION = YES;
				CLANG_WARN_OBJC_ROOT_CLASS = YES_ERROR;
				CLANG_WARN_UNREACHABLE_CODE = YES;
				CLANG_WARN__DUPLICATE_METHOD_MATCH = YES;
				"CODE_SIGN_IDENTITY[sdk=iphoneos*]" = "iPhone Developer";
				COPY_PHASE_STRIP = NO;
				DEBUG_INFORMATION_FORMAT = "dwarf-with-dsym";
				ENABLE_NS_ASSERTIONS = NO;
				ENABLE_STRICT_OBJC_MSGSEND = YES;
				GCC_C_LANGUAGE_STANDARD = gnu99;
				GCC_NO_COMMON_BLOCKS = YES;
				GCC_WARN_64_TO_32_BIT_CONVERSION = YES;
				GCC_WARN_ABOUT_RETURN_TYPE = YES_ERROR;
				GCC_WARN_UNDECLARED_SELECTOR = YES;
				GCC_WARN_UNINITIALIZED_AUTOS = YES_AGGRESSIVE;
				GCC_WARN_UNUSED_FUNCTION = YES;
				GCC_WARN_UNUSED_VARIABLE = YES;
				IPHONEOS_DEPLOYMENT_TARGET = 9.2;
				MTL_ENABLE_DEBUG_INFO = NO;
				SDKROOT = iphoneos;
				TARGETED_DEVICE_FAMILY = "1,2";
				VALIDATE_PRODUCT = YES;
			};
			name = Release;
		};
		625182901DF70FCC00E244F7 /* Debug */ = {
			isa = XCBuildConfiguration;
			buildSettings = {
				ASSETCATALOG_COMPILER_APPICON_NAME = AppIcon;
				INFOPLIST_FILE = playGround/Info.plist;
				LD_RUNPATH_SEARCH_PATHS = "$(inherited) @executable_path/Frameworks";
				PRODUCT_BUNDLE_IDENTIFIER = com.ourcompany.playGround;
				PRODUCT_NAME = "$(TARGET_NAME)";
			};
			name = Debug;
		};
		625182911DF70FCC00E244F7 /* Release */ = {
			isa = XCBuildConfiguration;
			buildSettings = {
				ASSETCATALOG_COMPILER_APPICON_NAME = AppIcon;
				INFOPLIST_FILE = playGround/Info.plist;
				LD_RUNPATH_SEARCH_PATHS = "$(inherited) @executable_path/Frameworks";
				PRODUCT_BUNDLE_IDENTIFIER = com.ourcompany.playGround;
				PRODUCT_NAME = "$(TARGET_NAME)";
			};
			name = Release;
		};
		625182931DF70FCC00E244F7 /* Debug */ = {
			isa = XCBuildConfiguration;
			buildSettings = {
				BUNDLE_LOADER = "$(TEST_HOST)";
				INFOPLIST_FILE = playGroundTests/Info.plist;
				LD_RUNPATH_SEARCH_PATHS = "$(inherited) @executable_path/Frameworks @loader_path/Frameworks";
				PRODUCT_BUNDLE_IDENTIFIER = com.ourcompany.playGroundTests;
				PRODUCT_NAME = "$(TARGET_NAME)";
				TEST_HOST = "$(BUILT_PRODUCTS_DIR)/playGround.app/playGround";
			};
			name = Debug;
		};
		625182941DF70FCC00E244F7 /* Release */ = {
			isa = XCBuildConfiguration;
			buildSettings = {
				BUNDLE_LOADER = "$(TEST_HOST)";
				INFOPLIST_FILE = playGroundTests/Info.plist;
				LD_RUNPATH_SEARCH_PATHS = "$(inherited) @executable_path/Frameworks @loader_path/Frameworks";
				PRODUCT_BUNDLE_IDENTIFIER = com.ourcompany.playGroundTests;
				PRODUCT_NAME = "$(TARGET_NAME)";
				TEST_HOST = "$(BUILT_PRODUCTS_DIR)/playGround.app/playGround";
			};
			name = Release;
		};
		625182961DF70FCC00E244F7 /* Debug */ = {
			isa = XCBuildConfiguration;
			buildSettings = {
				INFOPLIST_FILE = playGroundUITests/Info.plist;
				LD_RUNPATH_SEARCH_PATHS = "$(inherited) @executable_path/Frameworks @loader_path/Frameworks";
				PRODUCT_BUNDLE_IDENTIFIER = com.ourcompany.playGroundUITests;
				PRODUCT_NAME = "$(TARGET_NAME)";
				TEST_TARGET_NAME = playGround;
				USES_XCTRUNNER = YES;
			};
			name = Debug;
		};
		625182971DF70FCC00E244F7 /* Release */ = {
			isa = XCBuildConfiguration;
			buildSettings = {
				INFOPLIST_FILE = playGroundUITests/Info.plist;
				LD_RUNPATH_SEARCH_PATHS = "$(inherited) @executable_path/Frameworks @loader_path/Frameworks";
				PRODUCT_BUNDLE_IDENTIFIER = com.ourcompany.playGroundUITests;
				PRODUCT_NAME = "$(TARGET_NAME)";
				TEST_TARGET_NAME = playGround;
				USES_XCTRUNNER = YES;
			};
			name = Release;
		};
/* End XCBuildConfiguration section */

/* Begin XCConfigurationList section */
		625182621DF70FCB00E244F7 /* Build configuration list for PBXProject "playGround" */ = {
			isa = XCConfigurationList;
			buildConfigurations = (
				6251828D1DF70FCC00E244F7 /* Debug */,
				6251828E1DF70FCC00E244F7 /* Release */,
			);
			defaultConfigurationIsVisible = 0;
			defaultConfigurationName = Release;
		};
		6251828F1DF70FCC00E244F7 /* Build configuration list for PBXNativeTarget "playGround" */ = {
			isa = XCConfigurationList;
			buildConfigurations = (
				625182901DF70FCC00E244F7 /* Debug */,
				625182911DF70FCC00E244F7 /* Release */,
			);
			defaultConfigurationIsVisible = 0;
			defaultConfigurationName = Release;
		};
		625182921DF70FCC00E244F7 /* Build configuration list for PBXNativeTarget "playGroundTests" */ = {
			isa = XCConfigurationList;
			buildConfigurations = (
				625182931DF70FCC00E244F7 /* Debug */,
				625182941DF70FCC00E244F7 /* Release */,
			);
			defaultConfigurationIsVisible = 0;
			defaultConfigurationName = Release;
		};
		625182951DF70FCC00E244F7 /* Build configuration list for PBXNativeTarget "playGroundUITests" */ = {
			isa = XCConfigurationList;
			buildConfigurations = (
				625182961DF70FCC00E244F7 /* Debug */,
				625182971DF70FCC00E244F7 /* Release */,
			);
			defaultConfigurationIsVisible = 0;
			defaultConfigurationName = Release;
		};
/* End XCConfigurationList section */
	};
	rootObject = 6251825F1DF70FCB00E244F7 /* Project object */;
}
