// !$*UTF8*$!
{
	archiveVersion = 1;
	classes = {
	};
	objectVersion = 46;
	objects = {

/* Begin PBXBuildFile section */
		465BC6201F6C5D8800C1F91F /* AppDelegate.swift in Sources */ = {isa = PBXBuildFile; fileRef = 465BC61F1F6C5D8800C1F91F /* AppDelegate.swift */; };
		465BC6221F6C5D8800C1F91F /* FirstViewController.swift in Sources */ = {isa = PBXBuildFile; fileRef = 465BC6211F6C5D8800C1F91F /* FirstViewController.swift */; };
		465BC6241F6C5D8800C1F91F /* LocationVC.swift in Sources */ = {isa = PBXBuildFile; fileRef = 465BC6231F6C5D8800C1F91F /* LocationVC.swift */; };
		465BC6271F6C5D8800C1F91F /* Main.storyboard in Resources */ = {isa = PBXBuildFile; fileRef = 465BC6251F6C5D8800C1F91F /* Main.storyboard */; };
		465BC6291F6C5D8800C1F91F /* Assets.xcassets in Resources */ = {isa = PBXBuildFile; fileRef = 465BC6281F6C5D8800C1F91F /* Assets.xcassets */; };
		465BC62C1F6C5D8800C1F91F /* LaunchScreen.storyboard in Resources */ = {isa = PBXBuildFile; fileRef = 465BC62A1F6C5D8800C1F91F /* LaunchScreen.storyboard */; };
		465BC6371F6C5D8800C1F91F /* MappyTests.swift in Sources */ = {isa = PBXBuildFile; fileRef = 465BC6361F6C5D8800C1F91F /* MappyTests.swift */; };
		465BC6421F6C5D8800C1F91F /* MappyUITests.swift in Sources */ = {isa = PBXBuildFile; fileRef = 465BC6411F6C5D8800C1F91F /* MappyUITests.swift */; };
		467168711F6D2F39005A4030 /* RestaurantAnnotation.swift in Sources */ = {isa = PBXBuildFile; fileRef = 467168701F6D2F39005A4030 /* RestaurantAnnotation.swift */; };
/* End PBXBuildFile section */

/* Begin PBXContainerItemProxy section */
		465BC6331F6C5D8800C1F91F /* PBXContainerItemProxy */ = {
			isa = PBXContainerItemProxy;
			containerPortal = 465BC6141F6C5D8800C1F91F /* Project object */;
			proxyType = 1;
			remoteGlobalIDString = 465BC61B1F6C5D8800C1F91F;
			remoteInfo = Mappy;
		};
		465BC63E1F6C5D8800C1F91F /* PBXContainerItemProxy */ = {
			isa = PBXContainerItemProxy;
			containerPortal = 465BC6141F6C5D8800C1F91F /* Project object */;
			proxyType = 1;
			remoteGlobalIDString = 465BC61B1F6C5D8800C1F91F;
			remoteInfo = Mappy;
		};
/* End PBXContainerItemProxy section */

/* Begin PBXFileReference section */
		465BC61C1F6C5D8800C1F91F /* Mappy.app */ = {isa = PBXFileReference; explicitFileType = wrapper.application; includeInIndex = 0; path = Mappy.app; sourceTree = BUILT_PRODUCTS_DIR; };
		465BC61F1F6C5D8800C1F91F /* AppDelegate.swift */ = {isa = PBXFileReference; lastKnownFileType = sourcecode.swift; path = AppDelegate.swift; sourceTree = "<group>"; };
		465BC6211F6C5D8800C1F91F /* FirstViewController.swift */ = {isa = PBXFileReference; lastKnownFileType = sourcecode.swift; path = FirstViewController.swift; sourceTree = "<group>"; };
		465BC6231F6C5D8800C1F91F /* LocationVC.swift */ = {isa = PBXFileReference; lastKnownFileType = sourcecode.swift; path = LocationVC.swift; sourceTree = "<group>"; };
		465BC6261F6C5D8800C1F91F /* Base */ = {isa = PBXFileReference; lastKnownFileType = file.storyboard; name = Base; path = Base.lproj/Main.storyboard; sourceTree = "<group>"; };
		465BC6281F6C5D8800C1F91F /* Assets.xcassets */ = {isa = PBXFileReference; lastKnownFileType = folder.assetcatalog; path = Assets.xcassets; sourceTree = "<group>"; };
		465BC62B1F6C5D8800C1F91F /* Base */ = {isa = PBXFileReference; lastKnownFileType = file.storyboard; name = Base; path = Base.lproj/LaunchScreen.storyboard; sourceTree = "<group>"; };
		465BC62D1F6C5D8800C1F91F /* Info.plist */ = {isa = PBXFileReference; lastKnownFileType = text.plist.xml; path = Info.plist; sourceTree = "<group>"; };
		465BC6321F6C5D8800C1F91F /* MappyTests.xctest */ = {isa = PBXFileReference; explicitFileType = wrapper.cfbundle; includeInIndex = 0; path = MappyTests.xctest; sourceTree = BUILT_PRODUCTS_DIR; };
		465BC6361F6C5D8800C1F91F /* MappyTests.swift */ = {isa = PBXFileReference; lastKnownFileType = sourcecode.swift; path = MappyTests.swift; sourceTree = "<group>"; };
		465BC6381F6C5D8800C1F91F /* Info.plist */ = {isa = PBXFileReference; lastKnownFileType = text.plist.xml; path = Info.plist; sourceTree = "<group>"; };
		465BC63D1F6C5D8800C1F91F /* MappyUITests.xctest */ = {isa = PBXFileReference; explicitFileType = wrapper.cfbundle; includeInIndex = 0; path = MappyUITests.xctest; sourceTree = BUILT_PRODUCTS_DIR; };
		465BC6411F6C5D8800C1F91F /* MappyUITests.swift */ = {isa = PBXFileReference; lastKnownFileType = sourcecode.swift; path = MappyUITests.swift; sourceTree = "<group>"; };
		465BC6431F6C5D8800C1F91F /* Info.plist */ = {isa = PBXFileReference; lastKnownFileType = text.plist.xml; path = Info.plist; sourceTree = "<group>"; };
		467168701F6D2F39005A4030 /* RestaurantAnnotation.swift */ = {isa = PBXFileReference; fileEncoding = 4; lastKnownFileType = sourcecode.swift; path = RestaurantAnnotation.swift; sourceTree = "<group>"; };
/* End PBXFileReference section */

/* Begin PBXFrameworksBuildPhase section */
		465BC6191F6C5D8800C1F91F /* Frameworks */ = {
			isa = PBXFrameworksBuildPhase;
			buildActionMask = 2147483647;
			files = (
			);
			runOnlyForDeploymentPostprocessing = 0;
		};
		465BC62F1F6C5D8800C1F91F /* Frameworks */ = {
			isa = PBXFrameworksBuildPhase;
			buildActionMask = 2147483647;
			files = (
			);
			runOnlyForDeploymentPostprocessing = 0;
		};
		465BC63A1F6C5D8800C1F91F /* Frameworks */ = {
			isa = PBXFrameworksBuildPhase;
			buildActionMask = 2147483647;
			files = (
			);
			runOnlyForDeploymentPostprocessing = 0;
		};
/* End PBXFrameworksBuildPhase section */

/* Begin PBXGroup section */
		465BC6131F6C5D8800C1F91F = {
			isa = PBXGroup;
			children = (
				465BC61E1F6C5D8800C1F91F /* Mappy */,
				465BC6351F6C5D8800C1F91F /* MappyTests */,
				465BC6401F6C5D8800C1F91F /* MappyUITests */,
				465BC61D1F6C5D8800C1F91F /* Products */,
			);
			sourceTree = "<group>";
		};
		465BC61D1F6C5D8800C1F91F /* Products */ = {
			isa = PBXGroup;
			children = (
				465BC61C1F6C5D8800C1F91F /* Mappy.app */,
				465BC6321F6C5D8800C1F91F /* MappyTests.xctest */,
				465BC63D1F6C5D8800C1F91F /* MappyUITests.xctest */,
			);
			name = Products;
			sourceTree = "<group>";
		};
		465BC61E1F6C5D8800C1F91F /* Mappy */ = {
			isa = PBXGroup;
			children = (
				465BC61F1F6C5D8800C1F91F /* AppDelegate.swift */,
				467168701F6D2F39005A4030 /* RestaurantAnnotation.swift */,
				465BC6211F6C5D8800C1F91F /* FirstViewController.swift */,
				465BC6231F6C5D8800C1F91F /* LocationVC.swift */,
				465BC6251F6C5D8800C1F91F /* Main.storyboard */,
				465BC6281F6C5D8800C1F91F /* Assets.xcassets */,
				465BC62A1F6C5D8800C1F91F /* LaunchScreen.storyboard */,
				465BC62D1F6C5D8800C1F91F /* Info.plist */,
			);
			path = Mappy;
			sourceTree = "<group>";
		};
		465BC6351F6C5D8800C1F91F /* MappyTests */ = {
			isa = PBXGroup;
			children = (
				465BC6361F6C5D8800C1F91F /* MappyTests.swift */,
				465BC6381F6C5D8800C1F91F /* Info.plist */,
			);
			path = MappyTests;
			sourceTree = "<group>";
		};
		465BC6401F6C5D8800C1F91F /* MappyUITests */ = {
			isa = PBXGroup;
			children = (
				465BC6411F6C5D8800C1F91F /* MappyUITests.swift */,
				465BC6431F6C5D8800C1F91F /* Info.plist */,
			);
			path = MappyUITests;
			sourceTree = "<group>";
		};
/* End PBXGroup section */

/* Begin PBXNativeTarget section */
		465BC61B1F6C5D8800C1F91F /* Mappy */ = {
			isa = PBXNativeTarget;
			buildConfigurationList = 465BC6461F6C5D8800C1F91F /* Build configuration list for PBXNativeTarget "Mappy" */;
			buildPhases = (
				465BC6181F6C5D8800C1F91F /* Sources */,
				465BC6191F6C5D8800C1F91F /* Frameworks */,
				465BC61A1F6C5D8800C1F91F /* Resources */,
			);
			buildRules = (
			);
			dependencies = (
			);
			name = Mappy;
			productName = Mappy;
			productReference = 465BC61C1F6C5D8800C1F91F /* Mappy.app */;
			productType = "com.apple.product-type.application";
		};
		465BC6311F6C5D8800C1F91F /* MappyTests */ = {
			isa = PBXNativeTarget;
			buildConfigurationList = 465BC6491F6C5D8800C1F91F /* Build configuration list for PBXNativeTarget "MappyTests" */;
			buildPhases = (
				465BC62E1F6C5D8800C1F91F /* Sources */,
				465BC62F1F6C5D8800C1F91F /* Frameworks */,
				465BC6301F6C5D8800C1F91F /* Resources */,
			);
			buildRules = (
			);
			dependencies = (
				465BC6341F6C5D8800C1F91F /* PBXTargetDependency */,
			);
			name = MappyTests;
			productName = MappyTests;
			productReference = 465BC6321F6C5D8800C1F91F /* MappyTests.xctest */;
			productType = "com.apple.product-type.bundle.unit-test";
		};
		465BC63C1F6C5D8800C1F91F /* MappyUITests */ = {
			isa = PBXNativeTarget;
			buildConfigurationList = 465BC64C1F6C5D8800C1F91F /* Build configuration list for PBXNativeTarget "MappyUITests" */;
			buildPhases = (
				465BC6391F6C5D8800C1F91F /* Sources */,
				465BC63A1F6C5D8800C1F91F /* Frameworks */,
				465BC63B1F6C5D8800C1F91F /* Resources */,
			);
			buildRules = (
			);
			dependencies = (
				465BC63F1F6C5D8800C1F91F /* PBXTargetDependency */,
			);
			name = MappyUITests;
			productName = MappyUITests;
			productReference = 465BC63D1F6C5D8800C1F91F /* MappyUITests.xctest */;
			productType = "com.apple.product-type.bundle.ui-testing";
		};
/* End PBXNativeTarget section */

/* Begin PBXProject section */
		465BC6141F6C5D8800C1F91F /* Project object */ = {
			isa = PBXProject;
			attributes = {
				LastSwiftUpdateCheck = 0720;
				LastUpgradeCheck = 0720;
				ORGANIZATIONNAME = Abhishek;
				TargetAttributes = {
					465BC61B1F6C5D8800C1F91F = {
						CreatedOnToolsVersion = 7.2;
					};
					465BC6311F6C5D8800C1F91F = {
						CreatedOnToolsVersion = 7.2;
						TestTargetID = 465BC61B1F6C5D8800C1F91F;
					};
					465BC63C1F6C5D8800C1F91F = {
						CreatedOnToolsVersion = 7.2;
						TestTargetID = 465BC61B1F6C5D8800C1F91F;
					};
				};
			};
			buildConfigurationList = 465BC6171F6C5D8800C1F91F /* Build configuration list for PBXProject "Mappy" */;
			compatibilityVersion = "Xcode 3.2";
			developmentRegion = English;
			hasScannedForEncodings = 0;
			knownRegions = (
				en,
				Base,
			);
			mainGroup = 465BC6131F6C5D8800C1F91F;
			productRefGroup = 465BC61D1F6C5D8800C1F91F /* Products */;
			projectDirPath = "";
			projectRoot = "";
			targets = (
				465BC61B1F6C5D8800C1F91F /* Mappy */,
				465BC6311F6C5D8800C1F91F /* MappyTests */,
				465BC63C1F6C5D8800C1F91F /* MappyUITests */,
			);
		};
/* End PBXProject section */

/* Begin PBXResourcesBuildPhase section */
		465BC61A1F6C5D8800C1F91F /* Resources */ = {
			isa = PBXResourcesBuildPhase;
			buildActionMask = 2147483647;
			files = (
				465BC62C1F6C5D8800C1F91F /* LaunchScreen.storyboard in Resources */,
				465BC6291F6C5D8800C1F91F /* Assets.xcassets in Resources */,
				465BC6271F6C5D8800C1F91F /* Main.storyboard in Resources */,
			);
			runOnlyForDeploymentPostprocessing = 0;
		};
		465BC6301F6C5D8800C1F91F /* Resources */ = {
			isa = PBXResourcesBuildPhase;
			buildActionMask = 2147483647;
			files = (
			);
			runOnlyForDeploymentPostprocessing = 0;
		};
		465BC63B1F6C5D8800C1F91F /* Resources */ = {
			isa = PBXResourcesBuildPhase;
			buildActionMask = 2147483647;
			files = (
			);
			runOnlyForDeploymentPostprocessing = 0;
		};
/* End PBXResourcesBuildPhase section */

/* Begin PBXSourcesBuildPhase section */
		465BC6181F6C5D8800C1F91F /* Sources */ = {
			isa = PBXSourcesBuildPhase;
			buildActionMask = 2147483647;
			files = (
				465BC6241F6C5D8800C1F91F /* LocationVC.swift in Sources */,
				467168711F6D2F39005A4030 /* RestaurantAnnotation.swift in Sources */,
				465BC6201F6C5D8800C1F91F /* AppDelegate.swift in Sources */,
				465BC6221F6C5D8800C1F91F /* FirstViewController.swift in Sources */,
			);
			runOnlyForDeploymentPostprocessing = 0;
		};
		465BC62E1F6C5D8800C1F91F /* Sources */ = {
			isa = PBXSourcesBuildPhase;
			buildActionMask = 2147483647;
			files = (
				465BC6371F6C5D8800C1F91F /* MappyTests.swift in Sources */,
			);
			runOnlyForDeploymentPostprocessing = 0;
		};
		465BC6391F6C5D8800C1F91F /* Sources */ = {
			isa = PBXSourcesBuildPhase;
			buildActionMask = 2147483647;
			files = (
				465BC6421F6C5D8800C1F91F /* MappyUITests.swift in Sources */,
			);
			runOnlyForDeploymentPostprocessing = 0;
		};
/* End PBXSourcesBuildPhase section */

/* Begin PBXTargetDependency section */
		465BC6341F6C5D8800C1F91F /* PBXTargetDependency */ = {
			isa = PBXTargetDependency;
			target = 465BC61B1F6C5D8800C1F91F /* Mappy */;
			targetProxy = 465BC6331F6C5D8800C1F91F /* PBXContainerItemProxy */;
		};
		465BC63F1F6C5D8800C1F91F /* PBXTargetDependency */ = {
			isa = PBXTargetDependency;
			target = 465BC61B1F6C5D8800C1F91F /* Mappy */;
			targetProxy = 465BC63E1F6C5D8800C1F91F /* PBXContainerItemProxy */;
		};
/* End PBXTargetDependency section */

/* Begin PBXVariantGroup section */
		465BC6251F6C5D8800C1F91F /* Main.storyboard */ = {
			isa = PBXVariantGroup;
			children = (
				465BC6261F6C5D8800C1F91F /* Base */,
			);
			name = Main.storyboard;
			sourceTree = "<group>";
		};
		465BC62A1F6C5D8800C1F91F /* LaunchScreen.storyboard */ = {
			isa = PBXVariantGroup;
			children = (
				465BC62B1F6C5D8800C1F91F /* Base */,
			);
			name = LaunchScreen.storyboard;
			sourceTree = "<group>";
		};
/* End PBXVariantGroup section */

/* Begin XCBuildConfiguration section */
		465BC6441F6C5D8800C1F91F /* Debug */ = {
			isa = XCBuildConfiguration;
			buildSettings = {
				ALWAYS_SEARCH_USER_PATHS = NO;
				CLANG_CXX_LANGUAGE_STANDARD = "gnu++0x";
				CLANG_CXX_LIBRARY = "libc++";
				CLANG_ENABLE_MODULES = YES;
				CLANG_ENABLE_OBJC_ARC = YES;
				CLANG_WARN_BOOL_CONVERSION = YES;
				CLANG_WARN_CONSTANT_CONVERSION = YES;
				CLANG_WARN_DIRECT_OBJC_ISA_USAGE = YES_ERROR;
				CLANG_WARN_EMPTY_BODY = YES;
				CLANG_WARN_ENUM_CONVERSION = YES;
				CLANG_WARN_INT_CONVERSION = YES;
				CLANG_WARN_OBJC_ROOT_CLASS = YES_ERROR;
				CLANG_WARN_UNREACHABLE_CODE = YES;
				CLANG_WARN__DUPLICATE_METHOD_MATCH = YES;
				"CODE_SIGN_IDENTITY[sdk=iphoneos*]" = "iPhone Developer";
				COPY_PHASE_STRIP = NO;
				DEBUG_INFORMATION_FORMAT = dwarf;
				ENABLE_STRICT_OBJC_MSGSEND = YES;
				ENABLE_TESTABILITY = YES;
				GCC_C_LANGUAGE_STANDARD = gnu99;
				GCC_DYNAMIC_NO_PIC = NO;
				GCC_NO_COMMON_BLOCKS = YES;
				GCC_OPTIMIZATION_LEVEL = 0;
				GCC_PREPROCESSOR_DEFINITIONS = (
					"DEBUG=1",
					"$(inherited)",
				);
				GCC_WARN_64_TO_32_BIT_CONVERSION = YES;
				GCC_WARN_ABOUT_RETURN_TYPE = YES_ERROR;
				GCC_WARN_UNDECLARED_SELECTOR = YES;
				GCC_WARN_UNINITIALIZED_AUTOS = YES_AGGRESSIVE;
				GCC_WARN_UNUSED_FUNCTION = YES;
				GCC_WARN_UNUSED_VARIABLE = YES;
				IPHONEOS_DEPLOYMENT_TARGET = 9.2;
				MTL_ENABLE_DEBUG_INFO = YES;
				ONLY_ACTIVE_ARCH = YES;
				SDKROOT = iphoneos;
				SWIFT_OPTIMIZATION_LEVEL = "-Onone";
				TARGETED_DEVICE_FAMILY = "1,2";
			};
			name = Debug;
		};
		465BC6451F6C5D8800C1F91F /* Release */ = {
			isa = XCBuildConfiguration;
			buildSettings = {
				ALWAYS_SEARCH_USER_PATHS = NO;
				CLANG_CXX_LANGUAGE_STANDARD = "gnu++0x";
				CLANG_CXX_LIBRARY = "libc++";
				CLANG_ENABLE_MODULES = YES;
				CLANG_ENABLE_OBJC_ARC = YES;
				CLANG_WARN_BOOL_CONVERSION = YES;
				CLANG_WARN_CONSTANT_CONVERSION = YES;
				CLANG_WARN_DIRECT_OBJC_ISA_USAGE = YES_ERROR;
				CLANG_WARN_EMPTY_BODY = YES;
				CLANG_WARN_ENUM_CONVERSION = YES;
				CLANG_WARN_INT_CONVERSION = YES;
				CLANG_WARN_OBJC_ROOT_CLASS = YES_ERROR;
				CLANG_WARN_UNREACHABLE_CODE = YES;
				CLANG_WARN__DUPLICATE_METHOD_MATCH = YES;
				"CODE_SIGN_IDENTITY[sdk=iphoneos*]" = "iPhone Developer";
				COPY_PHASE_STRIP = NO;
				DEBUG_INFORMATION_FORMAT = "dwarf-with-dsym";
				ENABLE_NS_ASSERTIONS = NO;
				ENABLE_STRICT_OBJC_MSGSEND = YES;
				GCC_C_LANGUAGE_STANDARD = gnu99;
				GCC_NO_COMMON_BLOCKS = YES;
				GCC_WARN_64_TO_32_BIT_CONVERSION = YES;
				GCC_WARN_ABOUT_RETURN_TYPE = YES_ERROR;
				GCC_WARN_UNDECLARED_SELECTOR = YES;
				GCC_WARN_UNINITIALIZED_AUTOS = YES_AGGRESSIVE;
				GCC_WARN_UNUSED_FUNCTION = YES;
				GCC_WARN_UNUSED_VARIABLE = YES;
				IPHONEOS_DEPLOYMENT_TARGET = 9.2;
				MTL_ENABLE_DEBUG_INFO = NO;
				SDKROOT = iphoneos;
				TARGETED_DEVICE_FAMILY = "1,2";
				VALIDATE_PRODUCT = YES;
			};
			name = Release;
		};
		465BC6471F6C5D8800C1F91F /* Debug */ = {
			isa = XCBuildConfiguration;
			buildSettings = {
				ASSETCATALOG_COMPILER_APPICON_NAME = AppIcon;
				INFOPLIST_FILE = Mappy/Info.plist;
				LD_RUNPATH_SEARCH_PATHS = "$(inherited) @executable_path/Frameworks";
				PRODUCT_BUNDLE_IDENTIFIER = "com.abhishek-co.Mappy";
				PRODUCT_NAME = "$(TARGET_NAME)";
			};
			name = Debug;
		};
		465BC6481F6C5D8800C1F91F /* Release */ = {
			isa = XCBuildConfiguration;
			buildSettings = {
				ASSETCATALOG_COMPILER_APPICON_NAME = AppIcon;
				INFOPLIST_FILE = Mappy/Info.plist;
				LD_RUNPATH_SEARCH_PATHS = "$(inherited) @executable_path/Frameworks";
				PRODUCT_BUNDLE_IDENTIFIER = "com.abhishek-co.Mappy";
				PRODUCT_NAME = "$(TARGET_NAME)";
			};
			name = Release;
		};
		465BC64A1F6C5D8800C1F91F /* Debug */ = {
			isa = XCBuildConfiguration;
			buildSettings = {
				BUNDLE_LOADER = "$(TEST_HOST)";
				INFOPLIST_FILE = MappyTests/Info.plist;
				LD_RUNPATH_SEARCH_PATHS = "$(inherited) @executable_path/Frameworks @loader_path/Frameworks";
				PRODUCT_BUNDLE_IDENTIFIER = "com.abhishek-co.MappyTests";
				PRODUCT_NAME = "$(TARGET_NAME)";
				TEST_HOST = "$(BUILT_PRODUCTS_DIR)/Mappy.app/Mappy";
			};
			name = Debug;
		};
		465BC64B1F6C5D8800C1F91F /* Release */ = {
			isa = XCBuildConfiguration;
			buildSettings = {
				BUNDLE_LOADER = "$(TEST_HOST)";
				INFOPLIST_FILE = MappyTests/Info.plist;
				LD_RUNPATH_SEARCH_PATHS = "$(inherited) @executable_path/Frameworks @loader_path/Frameworks";
				PRODUCT_BUNDLE_IDENTIFIER = "com.abhishek-co.MappyTests";
				PRODUCT_NAME = "$(TARGET_NAME)";
				TEST_HOST = "$(BUILT_PRODUCTS_DIR)/Mappy.app/Mappy";
			};
			name = Release;
		};
		465BC64D1F6C5D8800C1F91F /* Debug */ = {
			isa = XCBuildConfiguration;
			buildSettings = {
				INFOPLIST_FILE = MappyUITests/Info.plist;
				LD_RUNPATH_SEARCH_PATHS = "$(inherited) @executable_path/Frameworks @loader_path/Frameworks";
				PRODUCT_BUNDLE_IDENTIFIER = "com.abhishek-co.MappyUITests";
				PRODUCT_NAME = "$(TARGET_NAME)";
				TEST_TARGET_NAME = Mappy;
				USES_XCTRUNNER = YES;
			};
			name = Debug;
		};
		465BC64E1F6C5D8800C1F91F /* Release */ = {
			isa = XCBuildConfiguration;
			buildSettings = {
				INFOPLIST_FILE = MappyUITests/Info.plist;
				LD_RUNPATH_SEARCH_PATHS = "$(inherited) @executable_path/Frameworks @loader_path/Frameworks";
				PRODUCT_BUNDLE_IDENTIFIER = "com.abhishek-co.MappyUITests";
				PRODUCT_NAME = "$(TARGET_NAME)";
				TEST_TARGET_NAME = Mappy;
				USES_XCTRUNNER = YES;
			};
			name = Release;
		};
/* End XCBuildConfiguration section */

/* Begin XCConfigurationList section */
		465BC6171F6C5D8800C1F91F /* Build configuration list for PBXProject "Mappy" */ = {
			isa = XCConfigurationList;
			buildConfigurations = (
				465BC6441F6C5D8800C1F91F /* Debug */,
				465BC6451F6C5D8800C1F91F /* Release */,
			);
			defaultConfigurationIsVisible = 0;
			defaultConfigurationName = Release;
		};
		465BC6461F6C5D8800C1F91F /* Build configuration list for PBXNativeTarget "Mappy" */ = {
			isa = XCConfigurationList;
			buildConfigurations = (
				465BC6471F6C5D8800C1F91F /* Debug */,
				465BC6481F6C5D8800C1F91F /* Release */,
			);
			defaultConfigurationIsVisible = 0;
			defaultConfigurationName = Release;
		};
		465BC6491F6C5D8800C1F91F /* Build configuration list for PBXNativeTarget "MappyTests" */ = {
			isa = XCConfigurationList;
			buildConfigurations = (
				465BC64A1F6C5D8800C1F91F /* Debug */,
				465BC64B1F6C5D8800C1F91F /* Release */,
			);
			defaultConfigurationIsVisible = 0;
			defaultConfigurationName = Release;
		};
		465BC64C1F6C5D8800C1F91F /* Build configuration list for PBXNativeTarget "MappyUITests" */ = {
			isa = XCConfigurationList;
			buildConfigurations = (
				465BC64D1F6C5D8800C1F91F /* Debug */,
				465BC64E1F6C5D8800C1F91F /* Release */,
			);
			defaultConfigurationIsVisible = 0;
			defaultConfigurationName = Release;
		};
/* End XCConfigurationList section */
	};
	rootObject = 465BC6141F6C5D8800C1F91F /* Project object */;
}
