// !$*UTF8*$!
{
	archiveVersion = 1;
	classes = {
	};
	objectVersion = 46;
	objects = {

/* Begin PBXBuildFile section */
		624718FE1E4BFAA8000C3791 /* AppDelegate.swift in Sources */ = {isa = PBXBuildFile; fileRef = 624718FD1E4BFAA8000C3791 /* AppDelegate.swift */; };
		624719001E4BFAA8000C3791 /* ViewController.swift in Sources */ = {isa = PBXBuildFile; fileRef = 624718FF1E4BFAA8000C3791 /* ViewController.swift */; };
		624719031E4BFAA8000C3791 /* Main.storyboard in Resources */ = {isa = PBXBuildFile; fileRef = 624719011E4BFAA8000C3791 /* Main.storyboard */; };
		624719051E4BFAA8000C3791 /* Assets.xcassets in Resources */ = {isa = PBXBuildFile; fileRef = 624719041E4BFAA8000C3791 /* Assets.xcassets */; };
		624719081E4BFAA8000C3791 /* LaunchScreen.storyboard in Resources */ = {isa = PBXBuildFile; fileRef = 624719061E4BFAA8000C3791 /* LaunchScreen.storyboard */; };
		624719131E4BFAA8000C3791 /* userdefault_testTests.swift in Sources */ = {isa = PBXBuildFile; fileRef = 624719121E4BFAA8000C3791 /* userdefault_testTests.swift */; };
		6247191E1E4BFAA8000C3791 /* userdefault_testUITests.swift in Sources */ = {isa = PBXBuildFile; fileRef = 6247191D1E4BFAA8000C3791 /* userdefault_testUITests.swift */; };
		6247192C1E4C003B000C3791 /* Person.swift in Sources */ = {isa = PBXBuildFile; fileRef = 6247192B1E4C003B000C3791 /* Person.swift */; };
/* End PBXBuildFile section */

/* Begin PBXContainerItemProxy section */
		6247190F1E4BFAA8000C3791 /* PBXContainerItemProxy */ = {
			isa = PBXContainerItemProxy;
			containerPortal = 624718F21E4BFAA8000C3791 /* Project object */;
			proxyType = 1;
			remoteGlobalIDString = 624718F91E4BFAA8000C3791;
			remoteInfo = "userdefault-test";
		};
		6247191A1E4BFAA8000C3791 /* PBXContainerItemProxy */ = {
			isa = PBXContainerItemProxy;
			containerPortal = 624718F21E4BFAA8000C3791 /* Project object */;
			proxyType = 1;
			remoteGlobalIDString = 624718F91E4BFAA8000C3791;
			remoteInfo = "userdefault-test";
		};
/* End PBXContainerItemProxy section */

/* Begin PBXFileReference section */
		624718FA1E4BFAA8000C3791 /* userdefault-test.app */ = {isa = PBXFileReference; explicitFileType = wrapper.application; includeInIndex = 0; path = "userdefault-test.app"; sourceTree = BUILT_PRODUCTS_DIR; };
		624718FD1E4BFAA8000C3791 /* AppDelegate.swift */ = {isa = PBXFileReference; lastKnownFileType = sourcecode.swift; path = AppDelegate.swift; sourceTree = "<group>"; };
		624718FF1E4BFAA8000C3791 /* ViewController.swift */ = {isa = PBXFileReference; lastKnownFileType = sourcecode.swift; path = ViewController.swift; sourceTree = "<group>"; };
		624719021E4BFAA8000C3791 /* Base */ = {isa = PBXFileReference; lastKnownFileType = file.storyboard; name = Base; path = Base.lproj/Main.storyboard; sourceTree = "<group>"; };
		624719041E4BFAA8000C3791 /* Assets.xcassets */ = {isa = PBXFileReference; lastKnownFileType = folder.assetcatalog; path = Assets.xcassets; sourceTree = "<group>"; };
		624719071E4BFAA8000C3791 /* Base */ = {isa = PBXFileReference; lastKnownFileType = file.storyboard; name = Base; path = Base.lproj/LaunchScreen.storyboard; sourceTree = "<group>"; };
		624719091E4BFAA8000C3791 /* Info.plist */ = {isa = PBXFileReference; lastKnownFileType = text.plist.xml; path = Info.plist; sourceTree = "<group>"; };
		6247190E1E4BFAA8000C3791 /* userdefault-testTests.xctest */ = {isa = PBXFileReference; explicitFileType = wrapper.cfbundle; includeInIndex = 0; path = "userdefault-testTests.xctest"; sourceTree = BUILT_PRODUCTS_DIR; };
		624719121E4BFAA8000C3791 /* userdefault_testTests.swift */ = {isa = PBXFileReference; lastKnownFileType = sourcecode.swift; path = userdefault_testTests.swift; sourceTree = "<group>"; };
		624719141E4BFAA8000C3791 /* Info.plist */ = {isa = PBXFileReference; lastKnownFileType = text.plist.xml; path = Info.plist; sourceTree = "<group>"; };
		624719191E4BFAA8000C3791 /* userdefault-testUITests.xctest */ = {isa = PBXFileReference; explicitFileType = wrapper.cfbundle; includeInIndex = 0; path = "userdefault-testUITests.xctest"; sourceTree = BUILT_PRODUCTS_DIR; };
		6247191D1E4BFAA8000C3791 /* userdefault_testUITests.swift */ = {isa = PBXFileReference; lastKnownFileType = sourcecode.swift; path = userdefault_testUITests.swift; sourceTree = "<group>"; };
		6247191F1E4BFAA8000C3791 /* Info.plist */ = {isa = PBXFileReference; lastKnownFileType = text.plist.xml; path = Info.plist; sourceTree = "<group>"; };
		6247192B1E4C003B000C3791 /* Person.swift */ = {isa = PBXFileReference; fileEncoding = 4; lastKnownFileType = sourcecode.swift; path = Person.swift; sourceTree = "<group>"; };
/* End PBXFileReference section */

/* Begin PBXFrameworksBuildPhase section */
		624718F71E4BFAA8000C3791 /* Frameworks */ = {
			isa = PBXFrameworksBuildPhase;
			buildActionMask = 2147483647;
			files = (
			);
			runOnlyForDeploymentPostprocessing = 0;
		};
		6247190B1E4BFAA8000C3791 /* Frameworks */ = {
			isa = PBXFrameworksBuildPhase;
			buildActionMask = 2147483647;
			files = (
			);
			runOnlyForDeploymentPostprocessing = 0;
		};
		624719161E4BFAA8000C3791 /* Frameworks */ = {
			isa = PBXFrameworksBuildPhase;
			buildActionMask = 2147483647;
			files = (
			);
			runOnlyForDeploymentPostprocessing = 0;
		};
/* End PBXFrameworksBuildPhase section */

/* Begin PBXGroup section */
		624718F11E4BFAA8000C3791 = {
			isa = PBXGroup;
			children = (
				624718FC1E4BFAA8000C3791 /* userdefault-test */,
				624719111E4BFAA8000C3791 /* userdefault-testTests */,
				6247191C1E4BFAA8000C3791 /* userdefault-testUITests */,
				624718FB1E4BFAA8000C3791 /* Products */,
			);
			sourceTree = "<group>";
		};
		624718FB1E4BFAA8000C3791 /* Products */ = {
			isa = PBXGroup;
			children = (
				624718FA1E4BFAA8000C3791 /* userdefault-test.app */,
				6247190E1E4BFAA8000C3791 /* userdefault-testTests.xctest */,
				624719191E4BFAA8000C3791 /* userdefault-testUITests.xctest */,
			);
			name = Products;
			sourceTree = "<group>";
		};
		624718FC1E4BFAA8000C3791 /* userdefault-test */ = {
			isa = PBXGroup;
			children = (
				624718FD1E4BFAA8000C3791 /* AppDelegate.swift */,
				6247192B1E4C003B000C3791 /* Person.swift */,
				624718FF1E4BFAA8000C3791 /* ViewController.swift */,
				624719011E4BFAA8000C3791 /* Main.storyboard */,
				624719041E4BFAA8000C3791 /* Assets.xcassets */,
				624719061E4BFAA8000C3791 /* LaunchScreen.storyboard */,
				624719091E4BFAA8000C3791 /* Info.plist */,
			);
			path = "userdefault-test";
			sourceTree = "<group>";
		};
		624719111E4BFAA8000C3791 /* userdefault-testTests */ = {
			isa = PBXGroup;
			children = (
				624719121E4BFAA8000C3791 /* userdefault_testTests.swift */,
				624719141E4BFAA8000C3791 /* Info.plist */,
			);
			path = "userdefault-testTests";
			sourceTree = "<group>";
		};
		6247191C1E4BFAA8000C3791 /* userdefault-testUITests */ = {
			isa = PBXGroup;
			children = (
				6247191D1E4BFAA8000C3791 /* userdefault_testUITests.swift */,
				6247191F1E4BFAA8000C3791 /* Info.plist */,
			);
			path = "userdefault-testUITests";
			sourceTree = "<group>";
		};
/* End PBXGroup section */

/* Begin PBXNativeTarget section */
		624718F91E4BFAA8000C3791 /* userdefault-test */ = {
			isa = PBXNativeTarget;
			buildConfigurationList = 624719221E4BFAA8000C3791 /* Build configuration list for PBXNativeTarget "userdefault-test" */;
			buildPhases = (
				624718F61E4BFAA8000C3791 /* Sources */,
				624718F71E4BFAA8000C3791 /* Frameworks */,
				624718F81E4BFAA8000C3791 /* Resources */,
			);
			buildRules = (
			);
			dependencies = (
			);
			name = "userdefault-test";
			productName = "userdefault-test";
			productReference = 624718FA1E4BFAA8000C3791 /* userdefault-test.app */;
			productType = "com.apple.product-type.application";
		};
		6247190D1E4BFAA8000C3791 /* userdefault-testTests */ = {
			isa = PBXNativeTarget;
			buildConfigurationList = 624719251E4BFAA8000C3791 /* Build configuration list for PBXNativeTarget "userdefault-testTests" */;
			buildPhases = (
				6247190A1E4BFAA8000C3791 /* Sources */,
				6247190B1E4BFAA8000C3791 /* Frameworks */,
				6247190C1E4BFAA8000C3791 /* Resources */,
			);
			buildRules = (
			);
			dependencies = (
				624719101E4BFAA8000C3791 /* PBXTargetDependency */,
			);
			name = "userdefault-testTests";
			productName = "userdefault-testTests";
			productReference = 6247190E1E4BFAA8000C3791 /* userdefault-testTests.xctest */;
			productType = "com.apple.product-type.bundle.unit-test";
		};
		624719181E4BFAA8000C3791 /* userdefault-testUITests */ = {
			isa = PBXNativeTarget;
			buildConfigurationList = 624719281E4BFAA8000C3791 /* Build configuration list for PBXNativeTarget "userdefault-testUITests" */;
			buildPhases = (
				624719151E4BFAA8000C3791 /* Sources */,
				624719161E4BFAA8000C3791 /* Frameworks */,
				624719171E4BFAA8000C3791 /* Resources */,
			);
			buildRules = (
			);
			dependencies = (
				6247191B1E4BFAA8000C3791 /* PBXTargetDependency */,
			);
			name = "userdefault-testUITests";
			productName = "userdefault-testUITests";
			productReference = 624719191E4BFAA8000C3791 /* userdefault-testUITests.xctest */;
			productType = "com.apple.product-type.bundle.ui-testing";
		};
/* End PBXNativeTarget section */

/* Begin PBXProject section */
		624718F21E4BFAA8000C3791 /* Project object */ = {
			isa = PBXProject;
			attributes = {
				LastSwiftUpdateCheck = 0720;
				LastUpgradeCheck = 0720;
				ORGANIZATIONNAME = AV;
				TargetAttributes = {
					624718F91E4BFAA8000C3791 = {
						CreatedOnToolsVersion = 7.2;
					};
					6247190D1E4BFAA8000C3791 = {
						CreatedOnToolsVersion = 7.2;
						TestTargetID = 624718F91E4BFAA8000C3791;
					};
					624719181E4BFAA8000C3791 = {
						CreatedOnToolsVersion = 7.2;
						TestTargetID = 624718F91E4BFAA8000C3791;
					};
				};
			};
			buildConfigurationList = 624718F51E4BFAA8000C3791 /* Build configuration list for PBXProject "userdefault-test" */;
			compatibilityVersion = "Xcode 3.2";
			developmentRegion = English;
			hasScannedForEncodings = 0;
			knownRegions = (
				en,
				Base,
			);
			mainGroup = 624718F11E4BFAA8000C3791;
			productRefGroup = 624718FB1E4BFAA8000C3791 /* Products */;
			projectDirPath = "";
			projectRoot = "";
			targets = (
				624718F91E4BFAA8000C3791 /* userdefault-test */,
				6247190D1E4BFAA8000C3791 /* userdefault-testTests */,
				624719181E4BFAA8000C3791 /* userdefault-testUITests */,
			);
		};
/* End PBXProject section */

/* Begin PBXResourcesBuildPhase section */
		624718F81E4BFAA8000C3791 /* Resources */ = {
			isa = PBXResourcesBuildPhase;
			buildActionMask = 2147483647;
			files = (
				624719081E4BFAA8000C3791 /* LaunchScreen.storyboard in Resources */,
				624719051E4BFAA8000C3791 /* Assets.xcassets in Resources */,
				624719031E4BFAA8000C3791 /* Main.storyboard in Resources */,
			);
			runOnlyForDeploymentPostprocessing = 0;
		};
		6247190C1E4BFAA8000C3791 /* Resources */ = {
			isa = PBXResourcesBuildPhase;
			buildActionMask = 2147483647;
			files = (
			);
			runOnlyForDeploymentPostprocessing = 0;
		};
		624719171E4BFAA8000C3791 /* Resources */ = {
			isa = PBXResourcesBuildPhase;
			buildActionMask = 2147483647;
			files = (
			);
			runOnlyForDeploymentPostprocessing = 0;
		};
/* End PBXResourcesBuildPhase section */

/* Begin PBXSourcesBuildPhase section */
		624718F61E4BFAA8000C3791 /* Sources */ = {
			isa = PBXSourcesBuildPhase;
			buildActionMask = 2147483647;
			files = (
				6247192C1E4C003B000C3791 /* Person.swift in Sources */,
				624719001E4BFAA8000C3791 /* ViewController.swift in Sources */,
				624718FE1E4BFAA8000C3791 /* AppDelegate.swift in Sources */,
			);
			runOnlyForDeploymentPostprocessing = 0;
		};
		6247190A1E4BFAA8000C3791 /* Sources */ = {
			isa = PBXSourcesBuildPhase;
			buildActionMask = 2147483647;
			files = (
				624719131E4BFAA8000C3791 /* userdefault_testTests.swift in Sources */,
			);
			runOnlyForDeploymentPostprocessing = 0;
		};
		624719151E4BFAA8000C3791 /* Sources */ = {
			isa = PBXSourcesBuildPhase;
			buildActionMask = 2147483647;
			files = (
				6247191E1E4BFAA8000C3791 /* userdefault_testUITests.swift in Sources */,
			);
			runOnlyForDeploymentPostprocessing = 0;
		};
/* End PBXSourcesBuildPhase section */

/* Begin PBXTargetDependency section */
		624719101E4BFAA8000C3791 /* PBXTargetDependency */ = {
			isa = PBXTargetDependency;
			target = 624718F91E4BFAA8000C3791 /* userdefault-test */;
			targetProxy = 6247190F1E4BFAA8000C3791 /* PBXContainerItemProxy */;
		};
		6247191B1E4BFAA8000C3791 /* PBXTargetDependency */ = {
			isa = PBXTargetDependency;
			target = 624718F91E4BFAA8000C3791 /* userdefault-test */;
			targetProxy = 6247191A1E4BFAA8000C3791 /* PBXContainerItemProxy */;
		};
/* End PBXTargetDependency section */

/* Begin PBXVariantGroup section */
		624719011E4BFAA8000C3791 /* Main.storyboard */ = {
			isa = PBXVariantGroup;
			children = (
				624719021E4BFAA8000C3791 /* Base */,
			);
			name = Main.storyboard;
			sourceTree = "<group>";
		};
		624719061E4BFAA8000C3791 /* LaunchScreen.storyboard */ = {
			isa = PBXVariantGroup;
			children = (
				624719071E4BFAA8000C3791 /* Base */,
			);
			name = LaunchScreen.storyboard;
			sourceTree = "<group>";
		};
/* End PBXVariantGroup section */

/* Begin XCBuildConfiguration section */
		624719201E4BFAA8000C3791 /* Debug */ = {
			isa = XCBuildConfiguration;
			buildSettings = {
				ALWAYS_SEARCH_USER_PATHS = NO;
				CLANG_CXX_LANGUAGE_STANDARD = "gnu++0x";
				CLANG_CXX_LIBRARY = "libc++";
				CLANG_ENABLE_MODULES = YES;
				CLANG_ENABLE_OBJC_ARC = YES;
				CLANG_WARN_BOOL_CONVERSION = YES;
				CLANG_WARN_CONSTANT_CONVERSION = YES;
				CLANG_WARN_DIRECT_OBJC_ISA_USAGE = YES_ERROR;
				CLANG_WARN_EMPTY_BODY = YES;
				CLANG_WARN_ENUM_CONVERSION = YES;
				CLANG_WARN_INT_CONVERSION = YES;
				CLANG_WARN_OBJC_ROOT_CLASS = YES_ERROR;
				CLANG_WARN_UNREACHABLE_CODE = YES;
				CLANG_WARN__DUPLICATE_METHOD_MATCH = YES;
				"CODE_SIGN_IDENTITY[sdk=iphoneos*]" = "iPhone Developer";
				COPY_PHASE_STRIP = NO;
				DEBUG_INFORMATION_FORMAT = dwarf;
				ENABLE_STRICT_OBJC_MSGSEND = YES;
				ENABLE_TESTABILITY = YES;
				GCC_C_LANGUAGE_STANDARD = gnu99;
				GCC_DYNAMIC_NO_PIC = NO;
				GCC_NO_COMMON_BLOCKS = YES;
				GCC_OPTIMIZATION_LEVEL = 0;
				GCC_PREPROCESSOR_DEFINITIONS = (
					"DEBUG=1",
					"$(inherited)",
				);
				GCC_WARN_64_TO_32_BIT_CONVERSION = YES;
				GCC_WARN_ABOUT_RETURN_TYPE = YES_ERROR;
				GCC_WARN_UNDECLARED_SELECTOR = YES;
				GCC_WARN_UNINITIALIZED_AUTOS = YES_AGGRESSIVE;
				GCC_WARN_UNUSED_FUNCTION = YES;
				GCC_WARN_UNUSED_VARIABLE = YES;
				IPHONEOS_DEPLOYMENT_TARGET = 9.2;
				MTL_ENABLE_DEBUG_INFO = YES;
				ONLY_ACTIVE_ARCH = YES;
				SDKROOT = iphoneos;
				SWIFT_OPTIMIZATION_LEVEL = "-Onone";
				TARGETED_DEVICE_FAMILY = "1,2";
			};
			name = Debug;
		};
		624719211E4BFAA8000C3791 /* Release */ = {
			isa = XCBuildConfiguration;
			buildSettings = {
				ALWAYS_SEARCH_USER_PATHS = NO;
				CLANG_CXX_LANGUAGE_STANDARD = "gnu++0x";
				CLANG_CXX_LIBRARY = "libc++";
				CLANG_ENABLE_MODULES = YES;
				CLANG_ENABLE_OBJC_ARC = YES;
				CLANG_WARN_BOOL_CONVERSION = YES;
				CLANG_WARN_CONSTANT_CONVERSION = YES;
				CLANG_WARN_DIRECT_OBJC_ISA_USAGE = YES_ERROR;
				CLANG_WARN_EMPTY_BODY = YES;
				CLANG_WARN_ENUM_CONVERSION = YES;
				CLANG_WARN_INT_CONVERSION = YES;
				CLANG_WARN_OBJC_ROOT_CLASS = YES_ERROR;
				CLANG_WARN_UNREACHABLE_CODE = YES;
				CLANG_WARN__DUPLICATE_METHOD_MATCH = YES;
				"CODE_SIGN_IDENTITY[sdk=iphoneos*]" = "iPhone Developer";
				COPY_PHASE_STRIP = NO;
				DEBUG_INFORMATION_FORMAT = "dwarf-with-dsym";
				ENABLE_NS_ASSERTIONS = NO;
				ENABLE_STRICT_OBJC_MSGSEND = YES;
				GCC_C_LANGUAGE_STANDARD = gnu99;
				GCC_NO_COMMON_BLOCKS = YES;
				GCC_WARN_64_TO_32_BIT_CONVERSION = YES;
				GCC_WARN_ABOUT_RETURN_TYPE = YES_ERROR;
				GCC_WARN_UNDECLARED_SELECTOR = YES;
				GCC_WARN_UNINITIALIZED_AUTOS = YES_AGGRESSIVE;
				GCC_WARN_UNUSED_FUNCTION = YES;
				GCC_WARN_UNUSED_VARIABLE = YES;
				IPHONEOS_DEPLOYMENT_TARGET = 9.2;
				MTL_ENABLE_DEBUG_INFO = NO;
				SDKROOT = iphoneos;
				TARGETED_DEVICE_FAMILY = "1,2";
				VALIDATE_PRODUCT = YES;
			};
			name = Release;
		};
		624719231E4BFAA8000C3791 /* Debug */ = {
			isa = XCBuildConfiguration;
			buildSettings = {
				ASSETCATALOG_COMPILER_APPICON_NAME = AppIcon;
				INFOPLIST_FILE = "userdefault-test/Info.plist";
				LD_RUNPATH_SEARCH_PATHS = "$(inherited) @executable_path/Frameworks";
				PRODUCT_BUNDLE_IDENTIFIER = "com.ourcompany.userdefault-test";
				PRODUCT_NAME = "$(TARGET_NAME)";
			};
			name = Debug;
		};
		624719241E4BFAA8000C3791 /* Release */ = {
			isa = XCBuildConfiguration;
			buildSettings = {
				ASSETCATALOG_COMPILER_APPICON_NAME = AppIcon;
				INFOPLIST_FILE = "userdefault-test/Info.plist";
				LD_RUNPATH_SEARCH_PATHS = "$(inherited) @executable_path/Frameworks";
				PRODUCT_BUNDLE_IDENTIFIER = "com.ourcompany.userdefault-test";
				PRODUCT_NAME = "$(TARGET_NAME)";
			};
			name = Release;
		};
		624719261E4BFAA8000C3791 /* Debug */ = {
			isa = XCBuildConfiguration;
			buildSettings = {
				BUNDLE_LOADER = "$(TEST_HOST)";
				INFOPLIST_FILE = "userdefault-testTests/Info.plist";
				LD_RUNPATH_SEARCH_PATHS = "$(inherited) @executable_path/Frameworks @loader_path/Frameworks";
				PRODUCT_BUNDLE_IDENTIFIER = "com.ourcompany.userdefault-testTests";
				PRODUCT_NAME = "$(TARGET_NAME)";
				TEST_HOST = "$(BUILT_PRODUCTS_DIR)/userdefault-test.app/userdefault-test";
			};
			name = Debug;
		};
		624719271E4BFAA8000C3791 /* Release */ = {
			isa = XCBuildConfiguration;
			buildSettings = {
				BUNDLE_LOADER = "$(TEST_HOST)";
				INFOPLIST_FILE = "userdefault-testTests/Info.plist";
				LD_RUNPATH_SEARCH_PATHS = "$(inherited) @executable_path/Frameworks @loader_path/Frameworks";
				PRODUCT_BUNDLE_IDENTIFIER = "com.ourcompany.userdefault-testTests";
				PRODUCT_NAME = "$(TARGET_NAME)";
				TEST_HOST = "$(BUILT_PRODUCTS_DIR)/userdefault-test.app/userdefault-test";
			};
			name = Release;
		};
		624719291E4BFAA8000C3791 /* Debug */ = {
			isa = XCBuildConfiguration;
			buildSettings = {
				INFOPLIST_FILE = "userdefault-testUITests/Info.plist";
				LD_RUNPATH_SEARCH_PATHS = "$(inherited) @executable_path/Frameworks @loader_path/Frameworks";
				PRODUCT_BUNDLE_IDENTIFIER = "com.ourcompany.userdefault-testUITests";
				PRODUCT_NAME = "$(TARGET_NAME)";
				TEST_TARGET_NAME = "userdefault-test";
				USES_XCTRUNNER = YES;
			};
			name = Debug;
		};
		6247192A1E4BFAA8000C3791 /* Release */ = {
			isa = XCBuildConfiguration;
			buildSettings = {
				INFOPLIST_FILE = "userdefault-testUITests/Info.plist";
				LD_RUNPATH_SEARCH_PATHS = "$(inherited) @executable_path/Frameworks @loader_path/Frameworks";
				PRODUCT_BUNDLE_IDENTIFIER = "com.ourcompany.userdefault-testUITests";
				PRODUCT_NAME = "$(TARGET_NAME)";
				TEST_TARGET_NAME = "userdefault-test";
				USES_XCTRUNNER = YES;
			};
			name = Release;
		};
/* End XCBuildConfiguration section */

/* Begin XCConfigurationList section */
		624718F51E4BFAA8000C3791 /* Build configuration list for PBXProject "userdefault-test" */ = {
			isa = XCConfigurationList;
			buildConfigurations = (
				624719201E4BFAA8000C3791 /* Debug */,
				624719211E4BFAA8000C3791 /* Release */,
			);
			defaultConfigurationIsVisible = 0;
			defaultConfigurationName = Release;
		};
		624719221E4BFAA8000C3791 /* Build configuration list for PBXNativeTarget "userdefault-test" */ = {
			isa = XCConfigurationList;
			buildConfigurations = (
				624719231E4BFAA8000C3791 /* Debug */,
				624719241E4BFAA8000C3791 /* Release */,
			);
			defaultConfigurationIsVisible = 0;
		};
		624719251E4BFAA8000C3791 /* Build configuration list for PBXNativeTarget "userdefault-testTests" */ = {
			isa = XCConfigurationList;
			buildConfigurations = (
				624719261E4BFAA8000C3791 /* Debug */,
				624719271E4BFAA8000C3791 /* Release */,
			);
			defaultConfigurationIsVisible = 0;
		};
		624719281E4BFAA8000C3791 /* Build configuration list for PBXNativeTarget "userdefault-testUITests" */ = {
			isa = XCConfigurationList;
			buildConfigurations = (
				624719291E4BFAA8000C3791 /* Debug */,
				6247192A1E4BFAA8000C3791 /* Release */,
			);
			defaultConfigurationIsVisible = 0;
		};
/* End XCConfigurationList section */
	};
	rootObject = 624718F21E4BFAA8000C3791 /* Project object */;
}
